{
  "version": 4,
  "terraform_version": "1.8.5",
  "serial": 462,
  "lineage": "2fc27357-44ee-8b89-ac39-4ee1f6b2446f",
  "outputs": {},
  "resources": [
    {
      "module": "module.eks-v1",
      "mode": "managed",
      "type": "aws_cloudwatch_log_group",
      "name": "this",
      "provider": "provider[\"registry.terraform.io/hashicorp/aws\"]",
      "instances": [
        {
          "index_key": 0,
          "schema_version": 0,
          "attributes": {
            "arn": "arn:aws:logs:ap-northeast-2:227250033304:log-group:/aws/eks/eks-staging-v2/cluster",
            "id": "/aws/eks/eks-staging-v2/cluster",
            "kms_key_id": "",
            "log_group_class": "STANDARD",
            "name": "/aws/eks/eks-staging-v2/cluster",
            "name_prefix": "",
            "retention_in_days": 90,
            "skip_destroy": false,
            "tags": {
              "Environment": "staging",
              "Name": "/aws/eks/eks-staging-v2/cluster",
              "Terraform": "true"
            },
            "tags_all": {
              "Environment": "staging",
              "Name": "/aws/eks/eks-staging-v2/cluster",
              "Terraform": "true"
            }
          },
          "sensitive_attributes": [],
          "private": "bnVsbA==",
          "create_before_destroy": true
        }
      ]
    },
    {
      "module": "module.eks-v1",
      "mode": "managed",
      "type": "aws_ec2_tag",
      "name": "cluster_primary_security_group",
      "provider": "provider[\"registry.terraform.io/hashicorp/aws\"]",
      "instances": [
        {
          "index_key": "Environment",
          "schema_version": 0,
          "attributes": {
            "id": "sg-0289d9af5fd6c7318,Environment",
            "key": "Environment",
            "resource_id": "sg-0289d9af5fd6c7318",
            "value": "staging"
          },
          "sensitive_attributes": [],
          "private": "bnVsbA==",
          "dependencies": [
            "module.eks-v1.aws_cloudwatch_log_group.this",
            "module.eks-v1.aws_eks_cluster.this",
            "module.eks-v1.aws_iam_policy.cni_ipv6_policy",
            "module.eks-v1.aws_iam_role.eks_auto",
            "module.eks-v1.aws_iam_role.this",
            "module.eks-v1.aws_iam_role_policy_attachment.this",
            "module.eks-v1.aws_security_group.cluster",
            "module.eks-v1.aws_security_group.node",
            "module.eks-v1.aws_security_group_rule.cluster",
            "module.eks-v1.aws_security_group_rule.node",
            "module.eks-v1.data.aws_caller_identity.current",
            "module.eks-v1.data.aws_iam_policy_document.assume_role_policy",
            "module.eks-v1.data.aws_iam_policy_document.cni_ipv6_policy",
            "module.eks-v1.data.aws_iam_policy_document.node_assume_role_policy",
            "module.eks-v1.data.aws_iam_session_context.current",
            "module.eks-v1.data.aws_partition.current",
            "module.eks-v1.module.kms.aws_kms_external_key.this",
            "module.eks-v1.module.kms.aws_kms_key.this",
            "module.eks-v1.module.kms.aws_kms_replica_external_key.this",
            "module.eks-v1.module.kms.aws_kms_replica_key.this",
            "module.eks-v1.module.kms.data.aws_caller_identity.current",
            "module.eks-v1.module.kms.data.aws_iam_policy_document.this",
            "module.eks-v1.module.kms.data.aws_partition.current",
            "module.vpc.aws_subnet.private",
            "module.vpc.aws_vpc.this",
            "module.vpc.aws_vpc_ipv4_cidr_block_association.this"
          ]
        },
        {
          "index_key": "Terraform",
          "schema_version": 0,
          "attributes": {
            "id": "sg-0289d9af5fd6c7318,Terraform",
            "key": "Terraform",
            "resource_id": "sg-0289d9af5fd6c7318",
            "value": "true"
          },
          "sensitive_attributes": [],
          "private": "bnVsbA==",
          "dependencies": [
            "module.eks-v1.aws_cloudwatch_log_group.this",
            "module.eks-v1.aws_eks_cluster.this",
            "module.eks-v1.aws_iam_policy.cni_ipv6_policy",
            "module.eks-v1.aws_iam_role.eks_auto",
            "module.eks-v1.aws_iam_role.this",
            "module.eks-v1.aws_iam_role_policy_attachment.this",
            "module.eks-v1.aws_security_group.cluster",
            "module.eks-v1.aws_security_group.node",
            "module.eks-v1.aws_security_group_rule.cluster",
            "module.eks-v1.aws_security_group_rule.node",
            "module.eks-v1.data.aws_caller_identity.current",
            "module.eks-v1.data.aws_iam_policy_document.assume_role_policy",
            "module.eks-v1.data.aws_iam_policy_document.cni_ipv6_policy",
            "module.eks-v1.data.aws_iam_policy_document.node_assume_role_policy",
            "module.eks-v1.data.aws_iam_session_context.current",
            "module.eks-v1.data.aws_partition.current",
            "module.eks-v1.module.kms.aws_kms_external_key.this",
            "module.eks-v1.module.kms.aws_kms_key.this",
            "module.eks-v1.module.kms.aws_kms_replica_external_key.this",
            "module.eks-v1.module.kms.aws_kms_replica_key.this",
            "module.eks-v1.module.kms.data.aws_caller_identity.current",
            "module.eks-v1.module.kms.data.aws_iam_policy_document.this",
            "module.eks-v1.module.kms.data.aws_partition.current",
            "module.vpc.aws_subnet.private",
            "module.vpc.aws_vpc.this",
            "module.vpc.aws_vpc_ipv4_cidr_block_association.this"
          ]
        }
      ]
    },
    {
      "module": "module.eks-v1",
      "mode": "managed",
      "type": "aws_eks_access_entry",
      "name": "this",
      "provider": "provider[\"registry.terraform.io/hashicorp/aws\"]",
      "instances": [
        {
          "index_key": "cluster_creator",
          "schema_version": 0,
          "attributes": {
            "access_entry_arn": "arn:aws:eks:ap-northeast-2:227250033304:access-entry/eks-staging-v2/user/227250033304/sk106_001/68ca9d2f-a77f-239a-3026-849aa98120f9",
            "cluster_name": "eks-staging-v2",
            "created_at": "2025-02-24T23:51:19Z",
            "id": "eks-staging-v2:arn:aws:iam::227250033304:user/sk106_001",
            "kubernetes_groups": [],
            "modified_at": "2025-02-24T23:51:19Z",
            "principal_arn": "arn:aws:iam::227250033304:user/sk106_001",
            "tags": {
              "Environment": "staging",
              "Terraform": "true"
            },
            "tags_all": {
              "Environment": "staging",
              "Terraform": "true"
            },
            "timeouts": null,
            "type": "STANDARD",
            "user_name": "arn:aws:iam::227250033304:user/sk106_001"
          },
          "sensitive_attributes": [],
          "private": "eyJlMmJmYjczMC1lY2FhLTExZTYtOGY4OC0zNDM2M2JjN2M0YzAiOnsiY3JlYXRlIjo2MDAwMDAwMDAwMDAsImRlbGV0ZSI6NjAwMDAwMDAwMDAwfX0=",
          "dependencies": [
            "module.eks-v1.aws_cloudwatch_log_group.this",
            "module.eks-v1.aws_eks_cluster.this",
            "module.eks-v1.aws_iam_policy.cni_ipv6_policy",
            "module.eks-v1.aws_iam_role.eks_auto",
            "module.eks-v1.aws_iam_role.this",
            "module.eks-v1.aws_iam_role_policy_attachment.this",
            "module.eks-v1.aws_security_group.cluster",
            "module.eks-v1.aws_security_group.node",
            "module.eks-v1.aws_security_group_rule.cluster",
            "module.eks-v1.aws_security_group_rule.node",
            "module.eks-v1.data.aws_caller_identity.current",
            "module.eks-v1.data.aws_iam_policy_document.assume_role_policy",
            "module.eks-v1.data.aws_iam_policy_document.cni_ipv6_policy",
            "module.eks-v1.data.aws_iam_policy_document.node_assume_role_policy",
            "module.eks-v1.data.aws_iam_session_context.current",
            "module.eks-v1.data.aws_partition.current",
            "module.eks-v1.module.kms.aws_kms_external_key.this",
            "module.eks-v1.module.kms.aws_kms_key.this",
            "module.eks-v1.module.kms.aws_kms_replica_external_key.this",
            "module.eks-v1.module.kms.aws_kms_replica_key.this",
            "module.eks-v1.module.kms.data.aws_caller_identity.current",
            "module.eks-v1.module.kms.data.aws_iam_policy_document.this",
            "module.eks-v1.module.kms.data.aws_partition.current",
            "module.vpc.aws_subnet.private",
            "module.vpc.aws_vpc.this",
            "module.vpc.aws_vpc_ipv4_cidr_block_association.this"
          ]
        }
      ]
    },
    {
      "module": "module.eks-v1",
      "mode": "managed",
      "type": "aws_eks_access_policy_association",
      "name": "this",
      "provider": "provider[\"registry.terraform.io/hashicorp/aws\"]",
      "instances": [
        {
          "index_key": "cluster_creator_admin",
          "schema_version": 0,
          "attributes": {
            "access_scope": [
              {
                "namespaces": [],
                "type": "cluster"
              }
            ],
            "associated_at": "2025-02-24 23:51:20.799 +0000 UTC",
            "cluster_name": "eks-staging-v2",
            "id": "eks-staging-v2#arn:aws:iam::227250033304:user/sk106_001#arn:aws:eks::aws:cluster-access-policy/AmazonEKSClusterAdminPolicy",
            "modified_at": "2025-02-24 23:51:20.799 +0000 UTC",
            "policy_arn": "arn:aws:eks::aws:cluster-access-policy/AmazonEKSClusterAdminPolicy",
            "principal_arn": "arn:aws:iam::227250033304:user/sk106_001",
            "timeouts": null
          },
          "sensitive_attributes": [],
          "private": "eyJlMmJmYjczMC1lY2FhLTExZTYtOGY4OC0zNDM2M2JjN2M0YzAiOnsiY3JlYXRlIjo2MDAwMDAwMDAwMDAsImRlbGV0ZSI6NjAwMDAwMDAwMDAwfX0=",
          "dependencies": [
            "module.eks-v1.aws_cloudwatch_log_group.this",
            "module.eks-v1.aws_eks_access_entry.this",
            "module.eks-v1.aws_eks_cluster.this",
            "module.eks-v1.aws_iam_policy.cni_ipv6_policy",
            "module.eks-v1.aws_iam_role.eks_auto",
            "module.eks-v1.aws_iam_role.this",
            "module.eks-v1.aws_iam_role_policy_attachment.this",
            "module.eks-v1.aws_security_group.cluster",
            "module.eks-v1.aws_security_group.node",
            "module.eks-v1.aws_security_group_rule.cluster",
            "module.eks-v1.aws_security_group_rule.node",
            "module.eks-v1.data.aws_caller_identity.current",
            "module.eks-v1.data.aws_iam_policy_document.assume_role_policy",
            "module.eks-v1.data.aws_iam_policy_document.cni_ipv6_policy",
            "module.eks-v1.data.aws_iam_policy_document.node_assume_role_policy",
            "module.eks-v1.data.aws_iam_session_context.current",
            "module.eks-v1.data.aws_partition.current",
            "module.eks-v1.module.kms.aws_kms_external_key.this",
            "module.eks-v1.module.kms.aws_kms_key.this",
            "module.eks-v1.module.kms.aws_kms_replica_external_key.this",
            "module.eks-v1.module.kms.aws_kms_replica_key.this",
            "module.eks-v1.module.kms.data.aws_caller_identity.current",
            "module.eks-v1.module.kms.data.aws_iam_policy_document.this",
            "module.eks-v1.module.kms.data.aws_partition.current",
            "module.vpc.aws_subnet.private",
            "module.vpc.aws_vpc.this",
            "module.vpc.aws_vpc_ipv4_cidr_block_association.this"
          ]
        }
      ]
    },
    {
      "module": "module.eks-v1",
      "mode": "managed",
      "type": "aws_eks_cluster",
      "name": "this",
      "provider": "provider[\"registry.terraform.io/hashicorp/aws\"]",
      "instances": [
        {
          "index_key": 0,
          "schema_version": 1,
          "attributes": {
            "access_config": [
              {
                "authentication_mode": "API_AND_CONFIG_MAP",
                "bootstrap_cluster_creator_admin_permissions": false
              }
            ],
            "arn": "arn:aws:eks:ap-northeast-2:227250033304:cluster/eks-staging-v2",
            "bootstrap_self_managed_addons": true,
            "certificate_authority": [
              {
                "data": "LS0tLS1CRUdJTiBDRVJUSUZJQ0FURS0tLS0tCk1JSURCVENDQWUyZ0F3SUJBZ0lJTVBvNzhpTGRicjR3RFFZSktvWklodmNOQVFFTEJRQXdGVEVUTUJFR0ExVUUKQXhNS2EzVmlaWEp1WlhSbGN6QWVGdzB5TlRBeU1qUXlNelF6TURCYUZ3MHpOVEF5TWpJeU16UTRNREJhTUJVeApFekFSQmdOVkJBTVRDbXQxWW1WeWJtVjBaWE13Z2dFaU1BMEdDU3FHU0liM0RRRUJBUVVBQTRJQkR3QXdnZ0VLCkFvSUJBUURRV3dDd0tEZmdaN2t4RzhlakhVZ1FORUFYZnJvVHNXMURJNGhpTVVsbFVCUEJCdEI5aVlUVmk5YWsKYytjK1ViL2x2NEE2TzhBRDNyYk45b21iRUhpdVl3amZpUklkc3JObmFLSy9HT3ZnKzkrcXY2S0Fhb1MwaVI0dgpYQzRSSTZsdE9qSHNhcDJNNTZvcDg2ZFlBRnRLTjR6MkwwVk9tYm9wS05JSFBhcnNRbFRIejRGb3Fta1pXTUdsCjR4bWsreHhscUVoNG4vWEIzSVdlUmUrcFJKNEdQZ1V2QWo1UVhlY2tpK3NrRHEyR1VhOUxrM0xMbmo4K2dMNWQKOXlnOXN3RTFWcWNoZUNaZXg3OE1hNnU2QXd0K1JnaVNUeW9aVWwvdkFLMDV1cXM2Rnd5M3FEbjhDN1pWMnRiRwo1ZGNTK2I5a2RtcVRlMVhQaHdxWkVyc3cvdU8vQWdNQkFBR2pXVEJYTUE0R0ExVWREd0VCL3dRRUF3SUNwREFQCkJnTlZIUk1CQWY4RUJUQURBUUgvTUIwR0ExVWREZ1FXQkJRM1NOc2ZSQi9YaG5hUFdob3AvZXkxSjlscWVEQVYKQmdOVkhSRUVEakFNZ2dwcmRXSmxjbTVsZEdWek1BMEdDU3FHU0liM0RRRUJDd1VBQTRJQkFRQW9rSUxNSXR2MwpOUTVhbm1kVm43S1VTcVR4SktwTnVvSzI2d3oxOGxCcVZFREdWOEtUY0hZQ3RMbEhvR1NDaDQ2b3V5S21remNKCllDTlpvTjVXb3BwbHFvdG5FYXk0M1hhSHhBNnFJQUo4K1Z1VHdUTkVxWSttcExQS0Y0T0lmWHVrUGMrTDZ0ZFcKVnBBbjhjMGp5b1Q1TUdrSTNJTGRvTStVaHYzR2ZuMzRNRURsQXdRMm41MXU3K2F2QWRuSnI5UVV5ZkdLdGRCMApIQytwOVowWGRuSmVUeFV2SzZNdXQ5NWZBVmJ3OXM1UDQzYmcydkJ6RUhRL2hoWm91a211cGFueFFQeEE3dmdXCkVxUTVzemVrbmpOMGpXYjNxd3EvN2c2K2grWE02NFp3WUh1ZDRGL1NFM3Nuc0loSXFIZmVVSEhvK01HNVZOZEMKN0RhMjRtM1RObkppCi0tLS0tRU5EIENFUlRJRklDQVRFLS0tLS0K"
              }
            ],
            "cluster_id": null,
            "compute_config": [],
            "created_at": "2025-02-24T23:43:38Z",
            "enabled_cluster_log_types": [
              "api",
              "audit",
              "authenticator"
            ],
            "encryption_config": [
              {
                "provider": [
                  {
                    "key_arn": "arn:aws:kms:ap-northeast-2:227250033304:key/17fb759c-5a34-4b4d-be7d-584aed47ea39"
                  }
                ],
                "resources": [
                  "secrets"
                ]
              }
            ],
            "endpoint": "https://2CD07D135C8FE241334D3C64750D92C6.gr7.ap-northeast-2.eks.amazonaws.com",
            "id": "eks-staging-v2",
            "identity": [
              {
                "oidc": [
                  {
                    "issuer": "https://oidc.eks.ap-northeast-2.amazonaws.com/id/2CD07D135C8FE241334D3C64750D92C6"
                  }
                ]
              }
            ],
            "kubernetes_network_config": [
              {
                "elastic_load_balancing": [
                  {
                    "enabled": false
                  }
                ],
                "ip_family": "ipv4",
                "service_ipv4_cidr": "172.20.0.0/16",
                "service_ipv6_cidr": ""
              }
            ],
            "name": "eks-staging-v2",
            "outpost_config": [],
            "platform_version": "eks.19",
            "remote_network_config": [],
            "role_arn": "arn:aws:iam::227250033304:role/eks-staging-v2-cluster-20250224234313879200000004",
            "status": "ACTIVE",
            "storage_config": [],
            "tags": {
              "Environment": "staging",
              "Terraform": "true",
              "terraform-aws-modules": "eks"
            },
            "tags_all": {
              "Environment": "staging",
              "Terraform": "true",
              "terraform-aws-modules": "eks"
            },
            "timeouts": {
              "create": null,
              "delete": null,
              "update": null
            },
            "upgrade_policy": [
              {
                "support_type": "EXTENDED"
              }
            ],
            "version": "1.31",
            "vpc_config": [
              {
                "cluster_security_group_id": "sg-0289d9af5fd6c7318",
                "endpoint_private_access": true,
                "endpoint_public_access": true,
                "public_access_cidrs": [
                  "0.0.0.0/0"
                ],
                "security_group_ids": [
                  "sg-0b33a8f17a9af0f71"
                ],
                "subnet_ids": [
                  "subnet-00635c29eec3568b4",
                  "subnet-0519bbe580461c7ee",
                  "subnet-059e797790a73cde3",
                  "subnet-0bdc8e11ae4a86944"
                ],
                "vpc_id": "vpc-0219610767f79ee25"
              }
            ],
            "zonal_shift_config": []
          },
          "sensitive_attributes": [],
          "private": "eyJlMmJmYjczMC1lY2FhLTExZTYtOGY4OC0zNDM2M2JjN2M0YzAiOnsiY3JlYXRlIjoxODAwMDAwMDAwMDAwLCJkZWxldGUiOjkwMDAwMDAwMDAwMCwidXBkYXRlIjozNjAwMDAwMDAwMDAwfSwic2NoZW1hX3ZlcnNpb24iOiIxIn0=",
          "dependencies": [
            "module.eks-v1.aws_cloudwatch_log_group.this",
            "module.eks-v1.aws_iam_policy.cni_ipv6_policy",
            "module.eks-v1.aws_iam_role.eks_auto",
            "module.eks-v1.aws_iam_role.this",
            "module.eks-v1.aws_iam_role_policy_attachment.this",
            "module.eks-v1.aws_security_group.cluster",
            "module.eks-v1.aws_security_group.node",
            "module.eks-v1.aws_security_group_rule.cluster",
            "module.eks-v1.aws_security_group_rule.node",
            "module.eks-v1.data.aws_caller_identity.current",
            "module.eks-v1.data.aws_iam_policy_document.assume_role_policy",
            "module.eks-v1.data.aws_iam_policy_document.cni_ipv6_policy",
            "module.eks-v1.data.aws_iam_policy_document.node_assume_role_policy",
            "module.eks-v1.data.aws_iam_session_context.current",
            "module.eks-v1.data.aws_partition.current",
            "module.eks-v1.module.kms.aws_kms_external_key.this",
            "module.eks-v1.module.kms.aws_kms_key.this",
            "module.eks-v1.module.kms.aws_kms_replica_external_key.this",
            "module.eks-v1.module.kms.aws_kms_replica_key.this",
            "module.eks-v1.module.kms.data.aws_caller_identity.current",
            "module.eks-v1.module.kms.data.aws_iam_policy_document.this",
            "module.eks-v1.module.kms.data.aws_partition.current",
            "module.vpc.aws_subnet.private",
            "module.vpc.aws_vpc.this",
            "module.vpc.aws_vpc_ipv4_cidr_block_association.this"
          ],
          "create_before_destroy": true
        }
      ]
    },
    {
      "module": "module.eks-v1",
      "mode": "managed",
      "type": "aws_iam_openid_connect_provider",
      "name": "oidc_provider",
      "provider": "provider[\"registry.terraform.io/hashicorp/aws\"]",
      "instances": [
        {
          "index_key": 0,
          "schema_version": 0,
          "attributes": {
            "arn": "arn:aws:iam::227250033304:oidc-provider/oidc.eks.ap-northeast-2.amazonaws.com/id/2CD07D135C8FE241334D3C64750D92C6",
            "client_id_list": [
              "sts.amazonaws.com"
            ],
            "id": "arn:aws:iam::227250033304:oidc-provider/oidc.eks.ap-northeast-2.amazonaws.com/id/2CD07D135C8FE241334D3C64750D92C6",
            "tags": {
              "Environment": "staging",
              "Name": "eks-staging-v2-eks-irsa",
              "Terraform": "true"
            },
            "tags_all": {
              "Environment": "staging",
              "Name": "eks-staging-v2-eks-irsa",
              "Terraform": "true"
            },
            "thumbprint_list": [
              "06b25927c42a721631c1efd9431e648fa62e1e39"
            ],
            "url": "oidc.eks.ap-northeast-2.amazonaws.com/id/2CD07D135C8FE241334D3C64750D92C6"
          },
          "sensitive_attributes": [],
          "private": "bnVsbA==",
          "dependencies": [
            "module.eks-v1.aws_cloudwatch_log_group.this",
            "module.eks-v1.aws_eks_cluster.this",
            "module.eks-v1.aws_iam_policy.cni_ipv6_policy",
            "module.eks-v1.aws_iam_role.eks_auto",
            "module.eks-v1.aws_iam_role.this",
            "module.eks-v1.aws_iam_role_policy_attachment.this",
            "module.eks-v1.aws_security_group.cluster",
            "module.eks-v1.aws_security_group.node",
            "module.eks-v1.aws_security_group_rule.cluster",
            "module.eks-v1.aws_security_group_rule.node",
            "module.eks-v1.data.aws_caller_identity.current",
            "module.eks-v1.data.aws_iam_policy_document.assume_role_policy",
            "module.eks-v1.data.aws_iam_policy_document.cni_ipv6_policy",
            "module.eks-v1.data.aws_iam_policy_document.node_assume_role_policy",
            "module.eks-v1.data.aws_iam_session_context.current",
            "module.eks-v1.data.aws_partition.current",
            "module.eks-v1.data.tls_certificate.this",
            "module.eks-v1.module.kms.aws_kms_external_key.this",
            "module.eks-v1.module.kms.aws_kms_key.this",
            "module.eks-v1.module.kms.aws_kms_replica_external_key.this",
            "module.eks-v1.module.kms.aws_kms_replica_key.this",
            "module.eks-v1.module.kms.data.aws_caller_identity.current",
            "module.eks-v1.module.kms.data.aws_iam_policy_document.this",
            "module.eks-v1.module.kms.data.aws_partition.current",
            "module.vpc.aws_subnet.private",
            "module.vpc.aws_vpc.this",
            "module.vpc.aws_vpc_ipv4_cidr_block_association.this"
          ]
        }
      ]
    },
    {
      "module": "module.eks-v1",
      "mode": "managed",
      "type": "aws_iam_policy",
      "name": "cluster_encryption",
      "provider": "provider[\"registry.terraform.io/hashicorp/aws\"]",
      "instances": [
        {
          "index_key": 0,
          "schema_version": 0,
          "attributes": {
            "arn": "arn:aws:iam::227250033304:policy/eks-staging-v2-cluster-ClusterEncryption2025022423433694330000000c",
            "attachment_count": 1,
            "description": "Cluster encryption policy to allow cluster role to utilize CMK provided",
            "id": "arn:aws:iam::227250033304:policy/eks-staging-v2-cluster-ClusterEncryption2025022423433694330000000c",
            "name": "eks-staging-v2-cluster-ClusterEncryption2025022423433694330000000c",
            "name_prefix": "eks-staging-v2-cluster-ClusterEncryption",
            "path": "/",
            "policy": "{\"Statement\":[{\"Action\":[\"kms:Encrypt\",\"kms:Decrypt\",\"kms:ListGrants\",\"kms:DescribeKey\"],\"Effect\":\"Allow\",\"Resource\":\"arn:aws:kms:ap-northeast-2:227250033304:key/17fb759c-5a34-4b4d-be7d-584aed47ea39\"}],\"Version\":\"2012-10-17\"}",
            "policy_id": "ANPATJ2JIKKMFDVS3UBUA",
            "tags": {
              "Environment": "staging",
              "Terraform": "true"
            },
            "tags_all": {
              "Environment": "staging",
              "Terraform": "true"
            }
          },
          "sensitive_attributes": [],
          "private": "bnVsbA==",
          "dependencies": [
            "module.eks-v1.aws_iam_role.this",
            "module.eks-v1.data.aws_caller_identity.current",
            "module.eks-v1.data.aws_iam_policy_document.assume_role_policy",
            "module.eks-v1.data.aws_iam_session_context.current",
            "module.eks-v1.module.kms.aws_kms_external_key.this",
            "module.eks-v1.module.kms.aws_kms_key.this",
            "module.eks-v1.module.kms.aws_kms_replica_external_key.this",
            "module.eks-v1.module.kms.aws_kms_replica_key.this",
            "module.eks-v1.module.kms.data.aws_caller_identity.current",
            "module.eks-v1.module.kms.data.aws_iam_policy_document.this",
            "module.eks-v1.module.kms.data.aws_partition.current"
          ]
        }
      ]
    },
    {
      "module": "module.eks-v1",
      "mode": "managed",
      "type": "aws_iam_policy",
      "name": "custom",
      "provider": "provider[\"registry.terraform.io/hashicorp/aws\"]",
      "instances": [
        {
          "index_key": 0,
          "schema_version": 0,
          "attributes": {
            "arn": "arn:aws:iam::227250033304:policy/eks-staging-v2-cluster-20250224234313880000000005",
            "attachment_count": 1,
            "description": "",
            "id": "arn:aws:iam::227250033304:policy/eks-staging-v2-cluster-20250224234313880000000005",
            "name": "eks-staging-v2-cluster-20250224234313880000000005",
            "name_prefix": "eks-staging-v2-cluster-",
            "path": "/",
            "policy": "{\"Statement\":[{\"Action\":[\"ec2:RunInstances\",\"ec2:CreateLaunchTemplate\",\"ec2:CreateFleet\"],\"Condition\":{\"StringEquals\":{\"aws:RequestTag/eks:eks-cluster-name\":\"${aws:PrincipalTag/eks:eks-cluster-name}\"},\"StringLike\":{\"aws:RequestTag/eks:kubernetes-node-class-name\":\"*\",\"aws:RequestTag/eks:kubernetes-node-pool-name\":\"*\"}},\"Effect\":\"Allow\",\"Resource\":\"*\",\"Sid\":\"Compute\"},{\"Action\":[\"ec2:CreateVolume\",\"ec2:CreateSnapshot\"],\"Condition\":{\"StringEquals\":{\"aws:RequestTag/eks:eks-cluster-name\":\"${aws:PrincipalTag/eks:eks-cluster-name}\"}},\"Effect\":\"Allow\",\"Resource\":[\"arn:aws:ec2:*:*:volume/*\",\"arn:aws:ec2:*:*:snapshot/*\"],\"Sid\":\"Storage\"},{\"Action\":\"ec2:CreateNetworkInterface\",\"Condition\":{\"StringEquals\":{\"aws:RequestTag/eks:eks-cluster-name\":\"${aws:PrincipalTag/eks:eks-cluster-name}\",\"aws:RequestTag/eks:kubernetes-cni-node-name\":\"*\"}},\"Effect\":\"Allow\",\"Resource\":\"*\",\"Sid\":\"Networking\"},{\"Action\":[\"elasticloadbalancing:CreateTargetGroup\",\"elasticloadbalancing:CreateRule\",\"elasticloadbalancing:CreateLoadBalancer\",\"elasticloadbalancing:CreateListener\",\"ec2:CreateSecurityGroup\"],\"Condition\":{\"StringEquals\":{\"aws:RequestTag/eks:eks-cluster-name\":\"${aws:PrincipalTag/eks:eks-cluster-name}\"}},\"Effect\":\"Allow\",\"Resource\":\"*\",\"Sid\":\"LoadBalancer\"},{\"Action\":\"shield:CreateProtection\",\"Condition\":{\"StringEquals\":{\"aws:RequestTag/eks:eks-cluster-name\":\"${aws:PrincipalTag/eks:eks-cluster-name}\"}},\"Effect\":\"Allow\",\"Resource\":\"*\",\"Sid\":\"ShieldProtection\"},{\"Action\":\"shield:TagResource\",\"Condition\":{\"StringEquals\":{\"aws:RequestTag/eks:eks-cluster-name\":\"${aws:PrincipalTag/eks:eks-cluster-name}\"}},\"Effect\":\"Allow\",\"Resource\":\"arn:aws:shield::*:protection/*\",\"Sid\":\"ShieldTagResource\"}],\"Version\":\"2012-10-17\"}",
            "policy_id": "ANPATJ2JIKKMEHW67HCC4",
            "tags": {
              "Environment": "staging",
              "Terraform": "true"
            },
            "tags_all": {
              "Environment": "staging",
              "Terraform": "true"
            }
          },
          "sensitive_attributes": [],
          "private": "bnVsbA==",
          "dependencies": [
            "module.eks-v1.data.aws_iam_policy_document.custom",
            "module.eks-v1.data.aws_partition.current"
          ]
        }
      ]
    },
    {
      "module": "module.eks-v1",
      "mode": "managed",
      "type": "aws_iam_role",
      "name": "this",
      "provider": "provider[\"registry.terraform.io/hashicorp/aws\"]",
      "instances": [
        {
          "index_key": 0,
          "schema_version": 0,
          "attributes": {
            "arn": "arn:aws:iam::227250033304:role/eks-staging-v2-cluster-20250224234313879200000004",
            "assume_role_policy": "{\"Statement\":[{\"Action\":[\"sts:TagSession\",\"sts:AssumeRole\"],\"Effect\":\"Allow\",\"Principal\":{\"Service\":\"eks.amazonaws.com\"},\"Sid\":\"EKSClusterAssumeRole\"}],\"Version\":\"2012-10-17\"}",
            "create_date": "2025-02-24T23:43:14Z",
            "description": "",
            "force_detach_policies": true,
            "id": "eks-staging-v2-cluster-20250224234313879200000004",
            "inline_policy": [],
            "managed_policy_arns": [
              "arn:aws:iam::227250033304:policy/eks-staging-v2-cluster-20250224234313880000000005",
              "arn:aws:iam::227250033304:policy/eks-staging-v2-cluster-ClusterEncryption2025022423433694330000000c",
              "arn:aws:iam::aws:policy/AmazonEKSClusterPolicy",
              "arn:aws:iam::aws:policy/AmazonEKSVPCResourceController"
            ],
            "max_session_duration": 3600,
            "name": "eks-staging-v2-cluster-20250224234313879200000004",
            "name_prefix": "eks-staging-v2-cluster-",
            "path": "/",
            "permissions_boundary": "",
            "tags": {
              "Environment": "staging",
              "Terraform": "true"
            },
            "tags_all": {
              "Environment": "staging",
              "Terraform": "true"
            },
            "unique_id": "AROATJ2JIKKMLCJJY6CV3"
          },
          "sensitive_attributes": [],
          "private": "bnVsbA==",
          "dependencies": [
            "module.eks-v1.data.aws_iam_policy_document.assume_role_policy"
          ],
          "create_before_destroy": true
        }
      ]
    },
    {
      "module": "module.eks-v1",
      "mode": "managed",
      "type": "aws_iam_role_policy_attachment",
      "name": "cluster_encryption",
      "provider": "provider[\"registry.terraform.io/hashicorp/aws\"]",
      "instances": [
        {
          "index_key": 0,
          "schema_version": 0,
          "attributes": {
            "id": "eks-staging-v2-cluster-20250224234313879200000004-2025022423433795860000000d",
            "policy_arn": "arn:aws:iam::227250033304:policy/eks-staging-v2-cluster-ClusterEncryption2025022423433694330000000c",
            "role": "eks-staging-v2-cluster-20250224234313879200000004"
          },
          "sensitive_attributes": [],
          "private": "bnVsbA==",
          "dependencies": [
            "module.eks-v1.aws_iam_policy.cluster_encryption",
            "module.eks-v1.aws_iam_role.this",
            "module.eks-v1.data.aws_caller_identity.current",
            "module.eks-v1.data.aws_iam_policy_document.assume_role_policy",
            "module.eks-v1.data.aws_iam_session_context.current",
            "module.eks-v1.module.kms.aws_kms_external_key.this",
            "module.eks-v1.module.kms.aws_kms_key.this",
            "module.eks-v1.module.kms.aws_kms_replica_external_key.this",
            "module.eks-v1.module.kms.aws_kms_replica_key.this",
            "module.eks-v1.module.kms.data.aws_caller_identity.current",
            "module.eks-v1.module.kms.data.aws_iam_policy_document.this",
            "module.eks-v1.module.kms.data.aws_partition.current"
          ]
        }
      ]
    },
    {
      "module": "module.eks-v1",
      "mode": "managed",
      "type": "aws_iam_role_policy_attachment",
      "name": "custom",
      "provider": "provider[\"registry.terraform.io/hashicorp/aws\"]",
      "instances": [
        {
          "index_key": 0,
          "schema_version": 0,
          "attributes": {
            "id": "eks-staging-v2-cluster-20250224234313879200000004-2025022423431679400000000b",
            "policy_arn": "arn:aws:iam::227250033304:policy/eks-staging-v2-cluster-20250224234313880000000005",
            "role": "eks-staging-v2-cluster-20250224234313879200000004"
          },
          "sensitive_attributes": [],
          "private": "bnVsbA==",
          "dependencies": [
            "module.eks-v1.aws_iam_policy.custom",
            "module.eks-v1.aws_iam_role.this",
            "module.eks-v1.data.aws_iam_policy_document.assume_role_policy",
            "module.eks-v1.data.aws_iam_policy_document.custom",
            "module.eks-v1.data.aws_partition.current"
          ]
        }
      ]
    },
    {
      "module": "module.eks-v1",
      "mode": "managed",
      "type": "aws_iam_role_policy_attachment",
      "name": "this",
      "provider": "provider[\"registry.terraform.io/hashicorp/aws\"]",
      "instances": [
        {
          "index_key": "AmazonEKSClusterPolicy",
          "schema_version": 0,
          "attributes": {
            "id": "eks-staging-v2-cluster-20250224234313879200000004-20250224234316504600000009",
            "policy_arn": "arn:aws:iam::aws:policy/AmazonEKSClusterPolicy",
            "role": "eks-staging-v2-cluster-20250224234313879200000004"
          },
          "sensitive_attributes": [],
          "private": "bnVsbA==",
          "dependencies": [
            "module.eks-v1.aws_iam_role.this",
            "module.eks-v1.data.aws_iam_policy_document.assume_role_policy",
            "module.eks-v1.data.aws_partition.current"
          ],
          "create_before_destroy": true
        },
        {
          "index_key": "AmazonEKSVPCResourceController",
          "schema_version": 0,
          "attributes": {
            "id": "eks-staging-v2-cluster-20250224234313879200000004-2025022423431661840000000a",
            "policy_arn": "arn:aws:iam::aws:policy/AmazonEKSVPCResourceController",
            "role": "eks-staging-v2-cluster-20250224234313879200000004"
          },
          "sensitive_attributes": [],
          "private": "bnVsbA==",
          "dependencies": [
            "module.eks-v1.aws_iam_role.this",
            "module.eks-v1.data.aws_iam_policy_document.assume_role_policy",
            "module.eks-v1.data.aws_partition.current"
          ],
          "create_before_destroy": true
        }
      ]
    },
    {
      "module": "module.eks-v1",
      "mode": "managed",
      "type": "aws_security_group",
      "name": "cluster",
      "provider": "provider[\"registry.terraform.io/hashicorp/aws\"]",
      "instances": [
        {
          "index_key": 0,
          "schema_version": 1,
          "attributes": {
            "arn": "arn:aws:ec2:ap-northeast-2:227250033304:security-group/sg-0b33a8f17a9af0f71",
            "description": "EKS cluster security group",
            "egress": [],
            "id": "sg-0b33a8f17a9af0f71",
            "ingress": [
              {
                "cidr_blocks": [],
                "description": "Node groups to cluster API",
                "from_port": 443,
                "ipv6_cidr_blocks": [],
                "prefix_list_ids": [],
                "protocol": "tcp",
                "security_groups": [
                  "sg-01f35ea9cf915a4de"
                ],
                "self": false,
                "to_port": 443
              }
            ],
            "name": "eks-staging-v2-cluster-20250224234313879200000003",
            "name_prefix": "eks-staging-v2-cluster-",
            "owner_id": "227250033304",
            "revoke_rules_on_delete": false,
            "tags": {
              "Environment": "staging",
              "Name": "eks-staging-v2-cluster",
              "Terraform": "true"
            },
            "tags_all": {
              "Environment": "staging",
              "Name": "eks-staging-v2-cluster",
              "Terraform": "true"
            },
            "timeouts": null,
            "vpc_id": "vpc-0219610767f79ee25"
          },
          "sensitive_attributes": [],
          "private": "eyJlMmJmYjczMC1lY2FhLTExZTYtOGY4OC0zNDM2M2JjN2M0YzAiOnsiY3JlYXRlIjo2MDAwMDAwMDAwMDAsImRlbGV0ZSI6OTAwMDAwMDAwMDAwfSwic2NoZW1hX3ZlcnNpb24iOiIxIn0=",
          "dependencies": [
            "module.vpc.aws_vpc.this"
          ],
          "create_before_destroy": true
        }
      ]
    },
    {
      "module": "module.eks-v1",
      "mode": "managed",
      "type": "aws_security_group",
      "name": "node",
      "provider": "provider[\"registry.terraform.io/hashicorp/aws\"]",
      "instances": [
        {
          "index_key": 0,
          "schema_version": 1,
          "attributes": {
            "arn": "arn:aws:ec2:ap-northeast-2:227250033304:security-group/sg-01f35ea9cf915a4de",
            "description": "EKS node shared security group",
            "egress": [
              {
                "cidr_blocks": [
                  "0.0.0.0/0"
                ],
                "description": "Allow all egress",
                "from_port": 0,
                "ipv6_cidr_blocks": [],
                "prefix_list_ids": [],
                "protocol": "-1",
                "security_groups": [],
                "self": false,
                "to_port": 0
              }
            ],
            "id": "sg-01f35ea9cf915a4de",
            "ingress": [
              {
                "cidr_blocks": [],
                "description": "",
                "from_port": 0,
                "ipv6_cidr_blocks": [],
                "prefix_list_ids": [],
                "protocol": "-1",
                "security_groups": [
                  "sg-05f19d849b3327e65"
                ],
                "self": false,
                "to_port": 0
              },
              {
                "cidr_blocks": [],
                "description": "Cluster API to node 4443/tcp webhook",
                "from_port": 4443,
                "ipv6_cidr_blocks": [],
                "prefix_list_ids": [],
                "protocol": "tcp",
                "security_groups": [
                  "sg-0b33a8f17a9af0f71"
                ],
                "self": false,
                "to_port": 4443
              },
              {
                "cidr_blocks": [],
                "description": "Cluster API to node 6443/tcp webhook",
                "from_port": 6443,
                "ipv6_cidr_blocks": [],
                "prefix_list_ids": [],
                "protocol": "tcp",
                "security_groups": [
                  "sg-0b33a8f17a9af0f71"
                ],
                "self": false,
                "to_port": 6443
              },
              {
                "cidr_blocks": [],
                "description": "Cluster API to node 8443/tcp webhook",
                "from_port": 8443,
                "ipv6_cidr_blocks": [],
                "prefix_list_ids": [],
                "protocol": "tcp",
                "security_groups": [
                  "sg-0b33a8f17a9af0f71"
                ],
                "self": false,
                "to_port": 8443
              },
              {
                "cidr_blocks": [],
                "description": "Cluster API to node 9443/tcp webhook",
                "from_port": 9443,
                "ipv6_cidr_blocks": [],
                "prefix_list_ids": [],
                "protocol": "tcp",
                "security_groups": [
                  "sg-0b33a8f17a9af0f71"
                ],
                "self": false,
                "to_port": 9443
              },
              {
                "cidr_blocks": [],
                "description": "Cluster API to node groups",
                "from_port": 443,
                "ipv6_cidr_blocks": [],
                "prefix_list_ids": [],
                "protocol": "tcp",
                "security_groups": [
                  "sg-0b33a8f17a9af0f71"
                ],
                "self": false,
                "to_port": 443
              },
              {
                "cidr_blocks": [],
                "description": "Cluster API to node kubelets",
                "from_port": 10250,
                "ipv6_cidr_blocks": [],
                "prefix_list_ids": [],
                "protocol": "tcp",
                "security_groups": [
                  "sg-0b33a8f17a9af0f71"
                ],
                "self": false,
                "to_port": 10250
              },
              {
                "cidr_blocks": [],
                "description": "Node to node CoreDNS UDP",
                "from_port": 53,
                "ipv6_cidr_blocks": [],
                "prefix_list_ids": [],
                "protocol": "udp",
                "security_groups": [],
                "self": true,
                "to_port": 53
              },
              {
                "cidr_blocks": [],
                "description": "Node to node CoreDNS",
                "from_port": 53,
                "ipv6_cidr_blocks": [],
                "prefix_list_ids": [],
                "protocol": "tcp",
                "security_groups": [],
                "self": true,
                "to_port": 53
              },
              {
                "cidr_blocks": [],
                "description": "Node to node ingress on ephemeral ports",
                "from_port": 1025,
                "ipv6_cidr_blocks": [],
                "prefix_list_ids": [],
                "protocol": "tcp",
                "security_groups": [],
                "self": true,
                "to_port": 65535
              },
              {
                "cidr_blocks": [],
                "description": "elbv2.k8s.aws/targetGroupBinding=shared",
                "from_port": 8001,
                "ipv6_cidr_blocks": [],
                "prefix_list_ids": [],
                "protocol": "tcp",
                "security_groups": [
                  "sg-03b5068b58a3c01d2"
                ],
                "self": false,
                "to_port": 8501
              }
            ],
            "name": "eks-staging-v2-node-20250224234313878000000001",
            "name_prefix": "eks-staging-v2-node-",
            "owner_id": "227250033304",
            "revoke_rules_on_delete": false,
            "tags": {
              "Environment": "staging",
              "Name": "eks-staging-v2-node",
              "Terraform": "true",
              "karpenter.sh/discovery": "eks-staging-v2",
              "kubernetes.io/cluster/eks-staging-v2": "owned"
            },
            "tags_all": {
              "Environment": "staging",
              "Name": "eks-staging-v2-node",
              "Terraform": "true",
              "karpenter.sh/discovery": "eks-staging-v2",
              "kubernetes.io/cluster/eks-staging-v2": "owned"
            },
            "timeouts": null,
            "vpc_id": "vpc-0219610767f79ee25"
          },
          "sensitive_attributes": [],
          "private": "eyJlMmJmYjczMC1lY2FhLTExZTYtOGY4OC0zNDM2M2JjN2M0YzAiOnsiY3JlYXRlIjo2MDAwMDAwMDAwMDAsImRlbGV0ZSI6OTAwMDAwMDAwMDAwfSwic2NoZW1hX3ZlcnNpb24iOiIxIn0=",
          "dependencies": [
            "module.vpc.aws_vpc.this"
          ],
          "create_before_destroy": true
        }
      ]
    },
    {
      "module": "module.eks-v1",
      "mode": "managed",
      "type": "aws_security_group_rule",
      "name": "cluster",
      "provider": "provider[\"registry.terraform.io/hashicorp/aws\"]",
      "instances": [
        {
          "index_key": "ingress_nodes_443",
          "schema_version": 2,
          "attributes": {
            "cidr_blocks": null,
            "description": "Node groups to cluster API",
            "from_port": 443,
            "id": "sgrule-1723944847",
            "ipv6_cidr_blocks": null,
            "prefix_list_ids": null,
            "protocol": "tcp",
            "security_group_id": "sg-0b33a8f17a9af0f71",
            "security_group_rule_id": "sgr-0ed51f0539b822c67",
            "self": false,
            "source_security_group_id": "sg-01f35ea9cf915a4de",
            "timeouts": null,
            "to_port": 443,
            "type": "ingress"
          },
          "sensitive_attributes": [],
          "private": "eyJlMmJmYjczMC1lY2FhLTExZTYtOGY4OC0zNDM2M2JjN2M0YzAiOnsiY3JlYXRlIjozMDAwMDAwMDAwMDB9LCJzY2hlbWFfdmVyc2lvbiI6IjIifQ==",
          "dependencies": [
            "module.eks-v1.aws_security_group.cluster",
            "module.eks-v1.aws_security_group.node",
            "module.vpc.aws_vpc.this"
          ],
          "create_before_destroy": true
        }
      ]
    },
    {
      "module": "module.eks-v1",
      "mode": "managed",
      "type": "aws_security_group_rule",
      "name": "node",
      "provider": "provider[\"registry.terraform.io/hashicorp/aws\"]",
      "instances": [
        {
          "index_key": "egress_all",
          "schema_version": 2,
          "attributes": {
            "cidr_blocks": [
              "0.0.0.0/0"
            ],
            "description": "Allow all egress",
            "from_port": 0,
            "id": "sgrule-781366351",
            "ipv6_cidr_blocks": null,
            "prefix_list_ids": [],
            "protocol": "-1",
            "security_group_id": "sg-01f35ea9cf915a4de",
            "security_group_rule_id": "sgr-069685cfb971643a4",
            "self": false,
            "source_security_group_id": null,
            "timeouts": null,
            "to_port": 0,
            "type": "egress"
          },
          "sensitive_attributes": [],
          "private": "eyJlMmJmYjczMC1lY2FhLTExZTYtOGY4OC0zNDM2M2JjN2M0YzAiOnsiY3JlYXRlIjozMDAwMDAwMDAwMDB9LCJzY2hlbWFfdmVyc2lvbiI6IjIifQ==",
          "dependencies": [
            "module.eks-v1.aws_security_group.cluster",
            "module.eks-v1.aws_security_group.node",
            "module.vpc.aws_vpc.this"
          ],
          "create_before_destroy": true
        },
        {
          "index_key": "ingress_cluster_443",
          "schema_version": 2,
          "attributes": {
            "cidr_blocks": null,
            "description": "Cluster API to node groups",
            "from_port": 443,
            "id": "sgrule-2202380254",
            "ipv6_cidr_blocks": null,
            "prefix_list_ids": [],
            "protocol": "tcp",
            "security_group_id": "sg-01f35ea9cf915a4de",
            "security_group_rule_id": "sgr-05ff207a980e4433f",
            "self": false,
            "source_security_group_id": "sg-0b33a8f17a9af0f71",
            "timeouts": null,
            "to_port": 443,
            "type": "ingress"
          },
          "sensitive_attributes": [],
          "private": "eyJlMmJmYjczMC1lY2FhLTExZTYtOGY4OC0zNDM2M2JjN2M0YzAiOnsiY3JlYXRlIjozMDAwMDAwMDAwMDB9LCJzY2hlbWFfdmVyc2lvbiI6IjIifQ==",
          "dependencies": [
            "module.eks-v1.aws_security_group.cluster",
            "module.eks-v1.aws_security_group.node",
            "module.vpc.aws_vpc.this"
          ],
          "create_before_destroy": true
        },
        {
          "index_key": "ingress_cluster_4443_webhook",
          "schema_version": 2,
          "attributes": {
            "cidr_blocks": null,
            "description": "Cluster API to node 4443/tcp webhook",
            "from_port": 4443,
            "id": "sgrule-2447688958",
            "ipv6_cidr_blocks": null,
            "prefix_list_ids": [],
            "protocol": "tcp",
            "security_group_id": "sg-01f35ea9cf915a4de",
            "security_group_rule_id": "sgr-0eb039e5acc69c78a",
            "self": false,
            "source_security_group_id": "sg-0b33a8f17a9af0f71",
            "timeouts": null,
            "to_port": 4443,
            "type": "ingress"
          },
          "sensitive_attributes": [],
          "private": "eyJlMmJmYjczMC1lY2FhLTExZTYtOGY4OC0zNDM2M2JjN2M0YzAiOnsiY3JlYXRlIjozMDAwMDAwMDAwMDB9LCJzY2hlbWFfdmVyc2lvbiI6IjIifQ==",
          "dependencies": [
            "module.eks-v1.aws_security_group.cluster",
            "module.eks-v1.aws_security_group.node",
            "module.vpc.aws_vpc.this"
          ],
          "create_before_destroy": true
        },
        {
          "index_key": "ingress_cluster_6443_webhook",
          "schema_version": 2,
          "attributes": {
            "cidr_blocks": null,
            "description": "Cluster API to node 6443/tcp webhook",
            "from_port": 6443,
            "id": "sgrule-1487315816",
            "ipv6_cidr_blocks": null,
            "prefix_list_ids": [],
            "protocol": "tcp",
            "security_group_id": "sg-01f35ea9cf915a4de",
            "security_group_rule_id": "sgr-035a0ea1700476eab",
            "self": false,
            "source_security_group_id": "sg-0b33a8f17a9af0f71",
            "timeouts": null,
            "to_port": 6443,
            "type": "ingress"
          },
          "sensitive_attributes": [],
          "private": "eyJlMmJmYjczMC1lY2FhLTExZTYtOGY4OC0zNDM2M2JjN2M0YzAiOnsiY3JlYXRlIjozMDAwMDAwMDAwMDB9LCJzY2hlbWFfdmVyc2lvbiI6IjIifQ==",
          "dependencies": [
            "module.eks-v1.aws_security_group.cluster",
            "module.eks-v1.aws_security_group.node",
            "module.vpc.aws_vpc.this"
          ],
          "create_before_destroy": true
        },
        {
          "index_key": "ingress_cluster_8443_webhook",
          "schema_version": 2,
          "attributes": {
            "cidr_blocks": null,
            "description": "Cluster API to node 8443/tcp webhook",
            "from_port": 8443,
            "id": "sgrule-1274715977",
            "ipv6_cidr_blocks": null,
            "prefix_list_ids": [],
            "protocol": "tcp",
            "security_group_id": "sg-01f35ea9cf915a4de",
            "security_group_rule_id": "sgr-0ee9f5b738cc6be55",
            "self": false,
            "source_security_group_id": "sg-0b33a8f17a9af0f71",
            "timeouts": null,
            "to_port": 8443,
            "type": "ingress"
          },
          "sensitive_attributes": [],
          "private": "eyJlMmJmYjczMC1lY2FhLTExZTYtOGY4OC0zNDM2M2JjN2M0YzAiOnsiY3JlYXRlIjozMDAwMDAwMDAwMDB9LCJzY2hlbWFfdmVyc2lvbiI6IjIifQ==",
          "dependencies": [
            "module.eks-v1.aws_security_group.cluster",
            "module.eks-v1.aws_security_group.node",
            "module.vpc.aws_vpc.this"
          ],
          "create_before_destroy": true
        },
        {
          "index_key": "ingress_cluster_9443_webhook",
          "schema_version": 2,
          "attributes": {
            "cidr_blocks": null,
            "description": "Cluster API to node 9443/tcp webhook",
            "from_port": 9443,
            "id": "sgrule-794537090",
            "ipv6_cidr_blocks": null,
            "prefix_list_ids": [],
            "protocol": "tcp",
            "security_group_id": "sg-01f35ea9cf915a4de",
            "security_group_rule_id": "sgr-0e74bc5d55a9aca0a",
            "self": false,
            "source_security_group_id": "sg-0b33a8f17a9af0f71",
            "timeouts": null,
            "to_port": 9443,
            "type": "ingress"
          },
          "sensitive_attributes": [],
          "private": "eyJlMmJmYjczMC1lY2FhLTExZTYtOGY4OC0zNDM2M2JjN2M0YzAiOnsiY3JlYXRlIjozMDAwMDAwMDAwMDB9LCJzY2hlbWFfdmVyc2lvbiI6IjIifQ==",
          "dependencies": [
            "module.eks-v1.aws_security_group.cluster",
            "module.eks-v1.aws_security_group.node",
            "module.vpc.aws_vpc.this"
          ],
          "create_before_destroy": true
        },
        {
          "index_key": "ingress_cluster_kubelet",
          "schema_version": 2,
          "attributes": {
            "cidr_blocks": null,
            "description": "Cluster API to node kubelets",
            "from_port": 10250,
            "id": "sgrule-1807553937",
            "ipv6_cidr_blocks": null,
            "prefix_list_ids": [],
            "protocol": "tcp",
            "security_group_id": "sg-01f35ea9cf915a4de",
            "security_group_rule_id": "sgr-04bf4ed26f8ab2bc7",
            "self": false,
            "source_security_group_id": "sg-0b33a8f17a9af0f71",
            "timeouts": null,
            "to_port": 10250,
            "type": "ingress"
          },
          "sensitive_attributes": [],
          "private": "eyJlMmJmYjczMC1lY2FhLTExZTYtOGY4OC0zNDM2M2JjN2M0YzAiOnsiY3JlYXRlIjozMDAwMDAwMDAwMDB9LCJzY2hlbWFfdmVyc2lvbiI6IjIifQ==",
          "dependencies": [
            "module.eks-v1.aws_security_group.cluster",
            "module.eks-v1.aws_security_group.node",
            "module.vpc.aws_vpc.this"
          ],
          "create_before_destroy": true
        },
        {
          "index_key": "ingress_nodes_ephemeral",
          "schema_version": 2,
          "attributes": {
            "cidr_blocks": null,
            "description": "Node to node ingress on ephemeral ports",
            "from_port": 1025,
            "id": "sgrule-2310138425",
            "ipv6_cidr_blocks": null,
            "prefix_list_ids": [],
            "protocol": "tcp",
            "security_group_id": "sg-01f35ea9cf915a4de",
            "security_group_rule_id": "sgr-074358a39661ccb9c",
            "self": true,
            "source_security_group_id": null,
            "timeouts": null,
            "to_port": 65535,
            "type": "ingress"
          },
          "sensitive_attributes": [],
          "private": "eyJlMmJmYjczMC1lY2FhLTExZTYtOGY4OC0zNDM2M2JjN2M0YzAiOnsiY3JlYXRlIjozMDAwMDAwMDAwMDB9LCJzY2hlbWFfdmVyc2lvbiI6IjIifQ==",
          "dependencies": [
            "module.eks-v1.aws_security_group.cluster",
            "module.eks-v1.aws_security_group.node",
            "module.vpc.aws_vpc.this"
          ],
          "create_before_destroy": true
        },
        {
          "index_key": "ingress_self_coredns_tcp",
          "schema_version": 2,
          "attributes": {
            "cidr_blocks": null,
            "description": "Node to node CoreDNS",
            "from_port": 53,
            "id": "sgrule-2306038286",
            "ipv6_cidr_blocks": null,
            "prefix_list_ids": [],
            "protocol": "tcp",
            "security_group_id": "sg-01f35ea9cf915a4de",
            "security_group_rule_id": "sgr-02bb00f84cc3b4887",
            "self": true,
            "source_security_group_id": null,
            "timeouts": null,
            "to_port": 53,
            "type": "ingress"
          },
          "sensitive_attributes": [],
          "private": "eyJlMmJmYjczMC1lY2FhLTExZTYtOGY4OC0zNDM2M2JjN2M0YzAiOnsiY3JlYXRlIjozMDAwMDAwMDAwMDB9LCJzY2hlbWFfdmVyc2lvbiI6IjIifQ==",
          "dependencies": [
            "module.eks-v1.aws_security_group.cluster",
            "module.eks-v1.aws_security_group.node",
            "module.vpc.aws_vpc.this"
          ],
          "create_before_destroy": true
        },
        {
          "index_key": "ingress_self_coredns_udp",
          "schema_version": 2,
          "attributes": {
            "cidr_blocks": null,
            "description": "Node to node CoreDNS UDP",
            "from_port": 53,
            "id": "sgrule-757922273",
            "ipv6_cidr_blocks": null,
            "prefix_list_ids": [],
            "protocol": "udp",
            "security_group_id": "sg-01f35ea9cf915a4de",
            "security_group_rule_id": "sgr-06a739238f641fb4b",
            "self": true,
            "source_security_group_id": null,
            "timeouts": null,
            "to_port": 53,
            "type": "ingress"
          },
          "sensitive_attributes": [],
          "private": "eyJlMmJmYjczMC1lY2FhLTExZTYtOGY4OC0zNDM2M2JjN2M0YzAiOnsiY3JlYXRlIjozMDAwMDAwMDAwMDB9LCJzY2hlbWFfdmVyc2lvbiI6IjIifQ==",
          "dependencies": [
            "module.eks-v1.aws_security_group.cluster",
            "module.eks-v1.aws_security_group.node",
            "module.vpc.aws_vpc.this"
          ],
          "create_before_destroy": true
        }
      ]
    },
    {
      "module": "module.eks-v1",
      "mode": "managed",
      "type": "time_sleep",
      "name": "this",
      "provider": "provider[\"registry.terraform.io/hashicorp/time\"]",
      "instances": [
        {
          "index_key": 0,
          "schema_version": 0,
          "attributes": {
            "create_duration": "30s",
            "destroy_duration": null,
            "id": "2025-02-24T23:51:49Z",
            "triggers": {
              "cluster_certificate_authority_data": "LS0tLS1CRUdJTiBDRVJUSUZJQ0FURS0tLS0tCk1JSURCVENDQWUyZ0F3SUJBZ0lJTVBvNzhpTGRicjR3RFFZSktvWklodmNOQVFFTEJRQXdGVEVUTUJFR0ExVUUKQXhNS2EzVmlaWEp1WlhSbGN6QWVGdzB5TlRBeU1qUXlNelF6TURCYUZ3MHpOVEF5TWpJeU16UTRNREJhTUJVeApFekFSQmdOVkJBTVRDbXQxWW1WeWJtVjBaWE13Z2dFaU1BMEdDU3FHU0liM0RRRUJBUVVBQTRJQkR3QXdnZ0VLCkFvSUJBUURRV3dDd0tEZmdaN2t4RzhlakhVZ1FORUFYZnJvVHNXMURJNGhpTVVsbFVCUEJCdEI5aVlUVmk5YWsKYytjK1ViL2x2NEE2TzhBRDNyYk45b21iRUhpdVl3amZpUklkc3JObmFLSy9HT3ZnKzkrcXY2S0Fhb1MwaVI0dgpYQzRSSTZsdE9qSHNhcDJNNTZvcDg2ZFlBRnRLTjR6MkwwVk9tYm9wS05JSFBhcnNRbFRIejRGb3Fta1pXTUdsCjR4bWsreHhscUVoNG4vWEIzSVdlUmUrcFJKNEdQZ1V2QWo1UVhlY2tpK3NrRHEyR1VhOUxrM0xMbmo4K2dMNWQKOXlnOXN3RTFWcWNoZUNaZXg3OE1hNnU2QXd0K1JnaVNUeW9aVWwvdkFLMDV1cXM2Rnd5M3FEbjhDN1pWMnRiRwo1ZGNTK2I5a2RtcVRlMVhQaHdxWkVyc3cvdU8vQWdNQkFBR2pXVEJYTUE0R0ExVWREd0VCL3dRRUF3SUNwREFQCkJnTlZIUk1CQWY4RUJUQURBUUgvTUIwR0ExVWREZ1FXQkJRM1NOc2ZSQi9YaG5hUFdob3AvZXkxSjlscWVEQVYKQmdOVkhSRUVEakFNZ2dwcmRXSmxjbTVsZEdWek1BMEdDU3FHU0liM0RRRUJDd1VBQTRJQkFRQW9rSUxNSXR2MwpOUTVhbm1kVm43S1VTcVR4SktwTnVvSzI2d3oxOGxCcVZFREdWOEtUY0hZQ3RMbEhvR1NDaDQ2b3V5S21remNKCllDTlpvTjVXb3BwbHFvdG5FYXk0M1hhSHhBNnFJQUo4K1Z1VHdUTkVxWSttcExQS0Y0T0lmWHVrUGMrTDZ0ZFcKVnBBbjhjMGp5b1Q1TUdrSTNJTGRvTStVaHYzR2ZuMzRNRURsQXdRMm41MXU3K2F2QWRuSnI5UVV5ZkdLdGRCMApIQytwOVowWGRuSmVUeFV2SzZNdXQ5NWZBVmJ3OXM1UDQzYmcydkJ6RUhRL2hoWm91a211cGFueFFQeEE3dmdXCkVxUTVzemVrbmpOMGpXYjNxd3EvN2c2K2grWE02NFp3WUh1ZDRGL1NFM3Nuc0loSXFIZmVVSEhvK01HNVZOZEMKN0RhMjRtM1RObkppCi0tLS0tRU5EIENFUlRJRklDQVRFLS0tLS0K",
              "cluster_endpoint": "https://2CD07D135C8FE241334D3C64750D92C6.gr7.ap-northeast-2.eks.amazonaws.com",
              "cluster_name": "eks-staging-v2",
              "cluster_service_cidr": "172.20.0.0/16",
              "cluster_version": "1.31"
            }
          },
          "sensitive_attributes": [],
          "dependencies": [
            "module.eks-v1.aws_cloudwatch_log_group.this",
            "module.eks-v1.aws_eks_cluster.this",
            "module.eks-v1.aws_iam_policy.cni_ipv6_policy",
            "module.eks-v1.aws_iam_role.eks_auto",
            "module.eks-v1.aws_iam_role.this",
            "module.eks-v1.aws_iam_role_policy_attachment.this",
            "module.eks-v1.aws_security_group.cluster",
            "module.eks-v1.aws_security_group.node",
            "module.eks-v1.aws_security_group_rule.cluster",
            "module.eks-v1.aws_security_group_rule.node",
            "module.eks-v1.data.aws_caller_identity.current",
            "module.eks-v1.data.aws_iam_policy_document.assume_role_policy",
            "module.eks-v1.data.aws_iam_policy_document.cni_ipv6_policy",
            "module.eks-v1.data.aws_iam_policy_document.node_assume_role_policy",
            "module.eks-v1.data.aws_iam_session_context.current",
            "module.eks-v1.data.aws_partition.current",
            "module.eks-v1.module.kms.aws_kms_external_key.this",
            "module.eks-v1.module.kms.aws_kms_key.this",
            "module.eks-v1.module.kms.aws_kms_replica_external_key.this",
            "module.eks-v1.module.kms.aws_kms_replica_key.this",
            "module.eks-v1.module.kms.data.aws_caller_identity.current",
            "module.eks-v1.module.kms.data.aws_iam_policy_document.this",
            "module.eks-v1.module.kms.data.aws_partition.current",
            "module.vpc.aws_subnet.private",
            "module.vpc.aws_vpc.this",
            "module.vpc.aws_vpc_ipv4_cidr_block_association.this"
          ],
          "create_before_destroy": true
        }
      ]
    },
    {
      "module": "module.eks-v1.module.eks_managed_node_group[\"system\"]",
      "mode": "managed",
      "type": "aws_eks_node_group",
      "name": "this",
      "provider": "provider[\"registry.terraform.io/hashicorp/aws\"]",
      "instances": [
        {
          "index_key": 0,
          "schema_version": 0,
          "attributes": {
            "ami_type": "AL2023_x86_64_STANDARD",
            "arn": "arn:aws:eks:ap-northeast-2:227250033304:nodegroup/eks-staging-v2/system-20250224235156002800000010/78ca9d2f-ee10-8976-fc06-6ae70936be26",
            "capacity_type": "SPOT",
            "cluster_name": "eks-staging-v2",
            "disk_size": 0,
            "force_update_version": null,
            "id": "eks-staging-v2:system-20250224235156002800000010",
            "instance_types": [
              "t3.xlarge"
            ],
            "labels": {},
            "launch_template": [
              {
                "id": "lt-0838059af818ff569",
                "name": "system-2025022423515034460000000e",
                "version": "1"
              }
            ],
            "node_group_name": "system-20250224235156002800000010",
            "node_group_name_prefix": "system-",
            "node_repair_config": [],
            "node_role_arn": "arn:aws:iam::227250033304:role/system-eks-node-group-20250224234313878600000002",
            "release_version": "1.31.5-20250212",
            "remote_access": [],
            "resources": [
              {
                "autoscaling_groups": [
                  {
                    "name": "eks-system-20250224235156002800000010-78ca9d2f-ee10-8976-fc06-6ae70936be26"
                  }
                ],
                "remote_access_security_group_id": ""
              }
            ],
            "scaling_config": [
              {
                "desired_size": 1,
                "max_size": 10,
                "min_size": 1
              }
            ],
            "status": "ACTIVE",
            "subnet_ids": [
              "subnet-00635c29eec3568b4",
              "subnet-0519bbe580461c7ee",
              "subnet-059e797790a73cde3",
              "subnet-0bdc8e11ae4a86944"
            ],
            "tags": {
              "Environment": "staging",
              "Name": "system",
              "Terraform": "true"
            },
            "tags_all": {
              "Environment": "staging",
              "Name": "system",
              "Terraform": "true"
            },
            "taint": [],
            "timeouts": {
              "create": null,
              "delete": null,
              "update": null
            },
            "update_config": [
              {
                "max_unavailable": 0,
                "max_unavailable_percentage": 33
              }
            ],
            "version": "1.31"
          },
          "sensitive_attributes": [],
          "private": "eyJlMmJmYjczMC1lY2FhLTExZTYtOGY4OC0zNDM2M2JjN2M0YzAiOnsiY3JlYXRlIjozNjAwMDAwMDAwMDAwLCJkZWxldGUiOjM2MDAwMDAwMDAwMDAsInVwZGF0ZSI6MzYwMDAwMDAwMDAwMH19",
          "dependencies": [
            "module.eks-v1.aws_cloudwatch_log_group.this",
            "module.eks-v1.aws_eks_cluster.this",
            "module.eks-v1.aws_iam_policy.cni_ipv6_policy",
            "module.eks-v1.aws_iam_role.eks_auto",
            "module.eks-v1.aws_iam_role.this",
            "module.eks-v1.aws_iam_role_policy_attachment.this",
            "module.eks-v1.aws_security_group.cluster",
            "module.eks-v1.aws_security_group.node",
            "module.eks-v1.aws_security_group_rule.cluster",
            "module.eks-v1.aws_security_group_rule.node",
            "module.eks-v1.data.aws_caller_identity.current",
            "module.eks-v1.data.aws_iam_policy_document.assume_role_policy",
            "module.eks-v1.data.aws_iam_policy_document.cni_ipv6_policy",
            "module.eks-v1.data.aws_iam_policy_document.node_assume_role_policy",
            "module.eks-v1.data.aws_iam_session_context.current",
            "module.eks-v1.data.aws_partition.current",
            "module.eks-v1.module.eks_managed_node_group.aws_iam_role.this",
            "module.eks-v1.module.eks_managed_node_group.aws_iam_role_policy_attachment.additional",
            "module.eks-v1.module.eks_managed_node_group.aws_iam_role_policy_attachment.this",
            "module.eks-v1.module.eks_managed_node_group.aws_launch_template.this",
            "module.eks-v1.module.eks_managed_node_group.aws_placement_group.this",
            "module.eks-v1.module.eks_managed_node_group.data.aws_caller_identity.current",
            "module.eks-v1.module.eks_managed_node_group.data.aws_ec2_instance_type.this",
            "module.eks-v1.module.eks_managed_node_group.data.aws_ec2_instance_type_offerings.this",
            "module.eks-v1.module.eks_managed_node_group.data.aws_iam_policy_document.assume_role_policy",
            "module.eks-v1.module.eks_managed_node_group.data.aws_partition.current",
            "module.eks-v1.module.eks_managed_node_group.data.aws_ssm_parameter.ami",
            "module.eks-v1.module.eks_managed_node_group.data.aws_subnets.placement_group",
            "module.eks-v1.module.eks_managed_node_group.module.user_data.data.cloudinit_config.al2023_eks_managed_node_group",
            "module.eks-v1.module.eks_managed_node_group.module.user_data.data.cloudinit_config.linux_eks_managed_node_group",
            "module.eks-v1.module.kms.aws_kms_external_key.this",
            "module.eks-v1.module.kms.aws_kms_key.this",
            "module.eks-v1.module.kms.aws_kms_replica_external_key.this",
            "module.eks-v1.module.kms.aws_kms_replica_key.this",
            "module.eks-v1.module.kms.data.aws_caller_identity.current",
            "module.eks-v1.module.kms.data.aws_iam_policy_document.this",
            "module.eks-v1.module.kms.data.aws_partition.current",
            "module.eks-v1.time_sleep.this",
            "module.vpc.aws_subnet.private",
            "module.vpc.aws_vpc.this",
            "module.vpc.aws_vpc_ipv4_cidr_block_association.this"
          ],
          "create_before_destroy": true
        }
      ]
    },
    {
      "module": "module.eks-v1.module.eks_managed_node_group[\"system\"]",
      "mode": "managed",
      "type": "aws_iam_role",
      "name": "this",
      "provider": "provider[\"registry.terraform.io/hashicorp/aws\"]",
      "instances": [
        {
          "index_key": 0,
          "schema_version": 0,
          "attributes": {
            "arn": "arn:aws:iam::227250033304:role/system-eks-node-group-20250224234313878600000002",
            "assume_role_policy": "{\"Statement\":[{\"Action\":\"sts:AssumeRole\",\"Effect\":\"Allow\",\"Principal\":{\"Service\":\"ec2.amazonaws.com\"},\"Sid\":\"EKSNodeAssumeRole\"}],\"Version\":\"2012-10-17\"}",
            "create_date": "2025-02-24T23:43:14Z",
            "description": "EKS managed node group IAM role",
            "force_detach_policies": true,
            "id": "system-eks-node-group-20250224234313878600000002",
            "inline_policy": [],
            "managed_policy_arns": [
              "arn:aws:iam::227250033304:policy/ebs",
              "arn:aws:iam::aws:policy/AmazonEC2ContainerRegistryReadOnly",
              "arn:aws:iam::aws:policy/AmazonEKSWorkerNodePolicy",
              "arn:aws:iam::aws:policy/AmazonEKS_CNI_Policy"
            ],
            "max_session_duration": 3600,
            "name": "system-eks-node-group-20250224234313878600000002",
            "name_prefix": "system-eks-node-group-",
            "path": "/",
            "permissions_boundary": "",
            "tags": {
              "Environment": "staging",
              "Terraform": "true"
            },
            "tags_all": {
              "Environment": "staging",
              "Terraform": "true"
            },
            "unique_id": "AROATJ2JIKKMDSOOP5RMK"
          },
          "sensitive_attributes": [],
          "private": "bnVsbA==",
          "dependencies": [
            "module.eks-v1.module.eks_managed_node_group.data.aws_iam_policy_document.assume_role_policy"
          ],
          "create_before_destroy": true
        }
      ]
    },
    {
      "module": "module.eks-v1.module.eks_managed_node_group[\"system\"]",
      "mode": "managed",
      "type": "aws_iam_role_policy_attachment",
      "name": "this",
      "provider": "provider[\"registry.terraform.io/hashicorp/aws\"]",
      "instances": [
        {
          "index_key": "AmazonEC2ContainerRegistryReadOnly",
          "schema_version": 0,
          "attributes": {
            "id": "system-eks-node-group-20250224234313878600000002-20250224234316105100000007",
            "policy_arn": "arn:aws:iam::aws:policy/AmazonEC2ContainerRegistryReadOnly",
            "role": "system-eks-node-group-20250224234313878600000002"
          },
          "sensitive_attributes": [],
          "private": "bnVsbA==",
          "dependencies": [
            "module.eks-v1.module.eks_managed_node_group.aws_iam_role.this",
            "module.eks-v1.module.eks_managed_node_group.data.aws_caller_identity.current",
            "module.eks-v1.module.eks_managed_node_group.data.aws_iam_policy_document.assume_role_policy",
            "module.eks-v1.module.eks_managed_node_group.data.aws_partition.current"
          ],
          "create_before_destroy": true
        },
        {
          "index_key": "AmazonEKSWorkerNodePolicy",
          "schema_version": 0,
          "attributes": {
            "id": "system-eks-node-group-20250224234313878600000002-20250224234315768600000006",
            "policy_arn": "arn:aws:iam::aws:policy/AmazonEKSWorkerNodePolicy",
            "role": "system-eks-node-group-20250224234313878600000002"
          },
          "sensitive_attributes": [],
          "private": "bnVsbA==",
          "dependencies": [
            "module.eks-v1.module.eks_managed_node_group.aws_iam_role.this",
            "module.eks-v1.module.eks_managed_node_group.data.aws_caller_identity.current",
            "module.eks-v1.module.eks_managed_node_group.data.aws_iam_policy_document.assume_role_policy",
            "module.eks-v1.module.eks_managed_node_group.data.aws_partition.current"
          ],
          "create_before_destroy": true
        },
        {
          "index_key": "AmazonEKS_CNI_Policy",
          "schema_version": 0,
          "attributes": {
            "id": "system-eks-node-group-20250224234313878600000002-20250224234316296000000008",
            "policy_arn": "arn:aws:iam::aws:policy/AmazonEKS_CNI_Policy",
            "role": "system-eks-node-group-20250224234313878600000002"
          },
          "sensitive_attributes": [],
          "private": "bnVsbA==",
          "dependencies": [
            "module.eks-v1.module.eks_managed_node_group.aws_iam_role.this",
            "module.eks-v1.module.eks_managed_node_group.data.aws_caller_identity.current",
            "module.eks-v1.module.eks_managed_node_group.data.aws_iam_policy_document.assume_role_policy",
            "module.eks-v1.module.eks_managed_node_group.data.aws_partition.current"
          ],
          "create_before_destroy": true
        }
      ]
    },
    {
      "module": "module.eks-v1.module.eks_managed_node_group[\"system\"]",
      "mode": "managed",
      "type": "aws_launch_template",
      "name": "this",
      "provider": "provider[\"registry.terraform.io/hashicorp/aws\"]",
      "instances": [
        {
          "index_key": 0,
          "schema_version": 0,
          "attributes": {
            "arn": "arn:aws:ec2:ap-northeast-2:227250033304:launch-template/lt-0838059af818ff569",
            "block_device_mappings": [],
            "capacity_reservation_specification": [],
            "cpu_options": [],
            "credit_specification": [],
            "default_version": 1,
            "description": "Custom launch template for system EKS managed node group",
            "disable_api_stop": false,
            "disable_api_termination": false,
            "ebs_optimized": "",
            "elastic_gpu_specifications": [],
            "elastic_inference_accelerator": [],
            "enclave_options": [],
            "hibernation_options": [],
            "iam_instance_profile": [],
            "id": "lt-0838059af818ff569",
            "image_id": "",
            "instance_initiated_shutdown_behavior": "",
            "instance_market_options": [],
            "instance_requirements": [],
            "instance_type": "",
            "kernel_id": "",
            "key_name": "",
            "latest_version": 1,
            "license_specification": [],
            "maintenance_options": [],
            "metadata_options": [
              {
                "http_endpoint": "enabled",
                "http_protocol_ipv6": "",
                "http_put_response_hop_limit": 2,
                "http_tokens": "required",
                "instance_metadata_tags": ""
              }
            ],
            "monitoring": [
              {
                "enabled": true
              }
            ],
            "name": "system-2025022423515034460000000e",
            "name_prefix": "system-",
            "network_interfaces": [],
            "placement": [],
            "private_dns_name_options": [],
            "ram_disk_id": "",
            "security_group_names": [],
            "tag_specifications": [
              {
                "resource_type": "instance",
                "tags": {
                  "Environment": "staging",
                  "Name": "system",
                  "Terraform": "true"
                }
              },
              {
                "resource_type": "network-interface",
                "tags": {
                  "Environment": "staging",
                  "Name": "system",
                  "Terraform": "true"
                }
              },
              {
                "resource_type": "volume",
                "tags": {
                  "Environment": "staging",
                  "Name": "system",
                  "Terraform": "true"
                }
              }
            ],
            "tags": {
              "Environment": "staging",
              "Terraform": "true"
            },
            "tags_all": {
              "Environment": "staging",
              "Terraform": "true"
            },
            "update_default_version": true,
            "user_data": "",
            "vpc_security_group_ids": [
              "sg-01f35ea9cf915a4de"
            ]
          },
          "sensitive_attributes": [],
          "private": "bnVsbA==",
          "dependencies": [
            "module.eks-v1.aws_cloudwatch_log_group.this",
            "module.eks-v1.aws_eks_cluster.this",
            "module.eks-v1.aws_iam_policy.cni_ipv6_policy",
            "module.eks-v1.aws_iam_role.eks_auto",
            "module.eks-v1.aws_iam_role.this",
            "module.eks-v1.aws_iam_role_policy_attachment.this",
            "module.eks-v1.aws_security_group.cluster",
            "module.eks-v1.aws_security_group.node",
            "module.eks-v1.aws_security_group_rule.cluster",
            "module.eks-v1.aws_security_group_rule.node",
            "module.eks-v1.data.aws_caller_identity.current",
            "module.eks-v1.data.aws_iam_policy_document.assume_role_policy",
            "module.eks-v1.data.aws_iam_policy_document.cni_ipv6_policy",
            "module.eks-v1.data.aws_iam_policy_document.node_assume_role_policy",
            "module.eks-v1.data.aws_iam_session_context.current",
            "module.eks-v1.data.aws_partition.current",
            "module.eks-v1.module.eks_managed_node_group.aws_iam_role.this",
            "module.eks-v1.module.eks_managed_node_group.aws_iam_role_policy_attachment.additional",
            "module.eks-v1.module.eks_managed_node_group.aws_iam_role_policy_attachment.this",
            "module.eks-v1.module.eks_managed_node_group.aws_placement_group.this",
            "module.eks-v1.module.eks_managed_node_group.data.aws_caller_identity.current",
            "module.eks-v1.module.eks_managed_node_group.data.aws_ec2_instance_type.this",
            "module.eks-v1.module.eks_managed_node_group.data.aws_iam_policy_document.assume_role_policy",
            "module.eks-v1.module.eks_managed_node_group.data.aws_partition.current",
            "module.eks-v1.module.eks_managed_node_group.module.user_data.data.cloudinit_config.al2023_eks_managed_node_group",
            "module.eks-v1.module.eks_managed_node_group.module.user_data.data.cloudinit_config.linux_eks_managed_node_group",
            "module.eks-v1.module.kms.aws_kms_external_key.this",
            "module.eks-v1.module.kms.aws_kms_key.this",
            "module.eks-v1.module.kms.aws_kms_replica_external_key.this",
            "module.eks-v1.module.kms.aws_kms_replica_key.this",
            "module.eks-v1.module.kms.data.aws_caller_identity.current",
            "module.eks-v1.module.kms.data.aws_iam_policy_document.this",
            "module.eks-v1.module.kms.data.aws_partition.current",
            "module.eks-v1.time_sleep.this",
            "module.vpc.aws_subnet.private",
            "module.vpc.aws_vpc.this",
            "module.vpc.aws_vpc_ipv4_cidr_block_association.this"
          ],
          "create_before_destroy": true
        }
      ]
    },
    {
      "module": "module.eks-v1.module.eks_managed_node_group[\"system\"].module.user_data",
      "mode": "managed",
      "type": "null_resource",
      "name": "validate_cluster_service_cidr",
      "provider": "provider[\"registry.terraform.io/hashicorp/null\"]",
      "instances": [
        {
          "schema_version": 0,
          "attributes": {
            "id": "890323287309829549",
            "triggers": null
          },
          "sensitive_attributes": [],
          "dependencies": [
            "module.eks-v1.aws_cloudwatch_log_group.this",
            "module.eks-v1.aws_eks_cluster.this",
            "module.eks-v1.aws_iam_policy.cni_ipv6_policy",
            "module.eks-v1.aws_iam_role.eks_auto",
            "module.eks-v1.aws_iam_role.this",
            "module.eks-v1.aws_iam_role_policy_attachment.this",
            "module.eks-v1.aws_security_group.cluster",
            "module.eks-v1.aws_security_group.node",
            "module.eks-v1.aws_security_group_rule.cluster",
            "module.eks-v1.aws_security_group_rule.node",
            "module.eks-v1.data.aws_caller_identity.current",
            "module.eks-v1.data.aws_iam_policy_document.assume_role_policy",
            "module.eks-v1.data.aws_iam_policy_document.cni_ipv6_policy",
            "module.eks-v1.data.aws_iam_policy_document.node_assume_role_policy",
            "module.eks-v1.data.aws_iam_session_context.current",
            "module.eks-v1.data.aws_partition.current",
            "module.eks-v1.module.kms.aws_kms_external_key.this",
            "module.eks-v1.module.kms.aws_kms_key.this",
            "module.eks-v1.module.kms.aws_kms_replica_external_key.this",
            "module.eks-v1.module.kms.aws_kms_replica_key.this",
            "module.eks-v1.module.kms.data.aws_caller_identity.current",
            "module.eks-v1.module.kms.data.aws_iam_policy_document.this",
            "module.eks-v1.module.kms.data.aws_partition.current",
            "module.eks-v1.time_sleep.this",
            "module.vpc.aws_subnet.private",
            "module.vpc.aws_vpc.this",
            "module.vpc.aws_vpc_ipv4_cidr_block_association.this"
          ]
        }
      ]
    },
    {
      "module": "module.eks-v1.module.kms",
      "mode": "managed",
      "type": "aws_kms_alias",
      "name": "this",
      "provider": "provider[\"registry.terraform.io/hashicorp/aws\"]",
      "instances": [
        {
          "index_key": "cluster",
          "schema_version": 0,
          "attributes": {
            "arn": "arn:aws:kms:ap-northeast-2:227250033304:alias/eks/eks-staging-v2",
            "id": "alias/eks/eks-staging-v2",
            "name": "alias/eks/eks-staging-v2",
            "name_prefix": "",
            "target_key_arn": "arn:aws:kms:ap-northeast-2:227250033304:key/17fb759c-5a34-4b4d-be7d-584aed47ea39",
            "target_key_id": "17fb759c-5a34-4b4d-be7d-584aed47ea39"
          },
          "sensitive_attributes": [],
          "private": "bnVsbA==",
          "dependencies": [
            "module.eks-v1.aws_iam_role.this",
            "module.eks-v1.data.aws_caller_identity.current",
            "module.eks-v1.data.aws_iam_policy_document.assume_role_policy",
            "module.eks-v1.data.aws_iam_session_context.current",
            "module.eks-v1.module.kms.aws_kms_external_key.this",
            "module.eks-v1.module.kms.aws_kms_key.this",
            "module.eks-v1.module.kms.aws_kms_replica_external_key.this",
            "module.eks-v1.module.kms.aws_kms_replica_key.this",
            "module.eks-v1.module.kms.data.aws_caller_identity.current",
            "module.eks-v1.module.kms.data.aws_iam_policy_document.this",
            "module.eks-v1.module.kms.data.aws_partition.current"
          ]
        }
      ]
    },
    {
      "module": "module.eks-v1.module.kms",
      "mode": "managed",
      "type": "aws_kms_key",
      "name": "this",
      "provider": "provider[\"registry.terraform.io/hashicorp/aws\"]",
      "instances": [
        {
          "index_key": 0,
          "schema_version": 0,
          "attributes": {
            "arn": "arn:aws:kms:ap-northeast-2:227250033304:key/17fb759c-5a34-4b4d-be7d-584aed47ea39",
            "bypass_policy_lockout_safety_check": false,
            "custom_key_store_id": "",
            "customer_master_key_spec": "SYMMETRIC_DEFAULT",
            "deletion_window_in_days": null,
            "description": "eks-staging-v2 cluster encryption key",
            "enable_key_rotation": true,
            "id": "17fb759c-5a34-4b4d-be7d-584aed47ea39",
            "is_enabled": true,
            "key_id": "17fb759c-5a34-4b4d-be7d-584aed47ea39",
            "key_usage": "ENCRYPT_DECRYPT",
            "multi_region": false,
            "policy": "{\"Statement\":[{\"Action\":\"kms:*\",\"Effect\":\"Allow\",\"Principal\":{\"AWS\":\"arn:aws:iam::227250033304:root\"},\"Resource\":\"*\",\"Sid\":\"Default\"},{\"Action\":[\"kms:Update*\",\"kms:UntagResource\",\"kms:TagResource\",\"kms:ScheduleKeyDeletion\",\"kms:Revoke*\",\"kms:ReplicateKey\",\"kms:Put*\",\"kms:List*\",\"kms:ImportKeyMaterial\",\"kms:Get*\",\"kms:Enable*\",\"kms:Disable*\",\"kms:Describe*\",\"kms:Delete*\",\"kms:Create*\",\"kms:CancelKeyDeletion\"],\"Effect\":\"Allow\",\"Principal\":{\"AWS\":\"arn:aws:iam::227250033304:user/sk106_001\"},\"Resource\":\"*\",\"Sid\":\"KeyAdministration\"},{\"Action\":[\"kms:ReEncrypt*\",\"kms:GenerateDataKey*\",\"kms:Encrypt\",\"kms:DescribeKey\",\"kms:Decrypt\"],\"Effect\":\"Allow\",\"Principal\":{\"AWS\":\"arn:aws:iam::227250033304:role/eks-staging-v2-cluster-20250224234313879200000004\"},\"Resource\":\"*\",\"Sid\":\"KeyUsage\"}],\"Version\":\"2012-10-17\"}",
            "rotation_period_in_days": 365,
            "tags": {
              "Environment": "staging",
              "Terraform": "true",
              "terraform-aws-modules": "eks"
            },
            "tags_all": {
              "Environment": "staging",
              "Terraform": "true",
              "terraform-aws-modules": "eks"
            },
            "timeouts": null,
            "xks_key_id": ""
          },
          "sensitive_attributes": [],
          "private": "eyJlMmJmYjczMC1lY2FhLTExZTYtOGY4OC0zNDM2M2JjN2M0YzAiOnsiY3JlYXRlIjoxMjAwMDAwMDAwMDB9fQ==",
          "dependencies": [
            "module.eks-v1.aws_iam_role.this",
            "module.eks-v1.data.aws_caller_identity.current",
            "module.eks-v1.data.aws_iam_policy_document.assume_role_policy",
            "module.eks-v1.data.aws_iam_session_context.current",
            "module.eks-v1.module.kms.data.aws_caller_identity.current",
            "module.eks-v1.module.kms.data.aws_iam_policy_document.this",
            "module.eks-v1.module.kms.data.aws_partition.current"
          ],
          "create_before_destroy": true
        }
      ]
    },
    {
      "module": "module.eks-v1_blueprints_addons.module.karpenter_sqs",
      "mode": "managed",
      "type": "aws_sqs_queue",
      "name": "this",
      "provider": "provider[\"registry.terraform.io/hashicorp/aws\"]",
      "instances": [
        {
          "index_key": 0,
          "schema_version": 0,
          "attributes": {
            "arn": "arn:aws:sqs:ap-northeast-2:227250033304:karpenter-eks-staging-v2",
            "content_based_deduplication": false,
            "deduplication_scope": "",
            "delay_seconds": 0,
            "fifo_queue": false,
            "fifo_throughput_limit": "",
            "id": "https://sqs.ap-northeast-2.amazonaws.com/227250033304/karpenter-eks-staging-v2",
            "kms_data_key_reuse_period_seconds": 300,
            "kms_master_key_id": "",
            "max_message_size": 262144,
            "message_retention_seconds": 300,
            "name": "karpenter-eks-staging-v2",
            "name_prefix": "",
            "policy": "{\"Statement\":[{\"Action\":\"sqs:SendMessage\",\"Effect\":\"Allow\",\"Principal\":{\"Service\":[\"events.amazonaws.com\",\"sqs.amazonaws.com\"]},\"Resource\":\"arn:aws:sqs:ap-northeast-2:227250033304:karpenter-eks-staging-v2\",\"Sid\":\"SendEventsToQueue\"}],\"Version\":\"2012-10-17\"}",
            "receive_wait_time_seconds": 0,
            "redrive_allow_policy": "",
            "redrive_policy": "",
            "sqs_managed_sse_enabled": true,
            "tags": {
              "Environment": "staging"
            },
            "tags_all": {
              "Environment": "staging"
            },
            "timeouts": null,
            "url": "https://sqs.ap-northeast-2.amazonaws.com/227250033304/karpenter-eks-staging-v2",
            "visibility_timeout_seconds": 30
          },
          "sensitive_attributes": [],
          "private": "eyJlMmJmYjczMC1lY2FhLTExZTYtOGY4OC0zNDM2M2JjN2M0YzAiOnsiY3JlYXRlIjoxODAwMDAwMDAwMDAsImRlbGV0ZSI6MTgwMDAwMDAwMDAwLCJ1cGRhdGUiOjE4MDAwMDAwMDAwMH19",
          "dependencies": [
            "module.eks-v1.aws_cloudwatch_log_group.this",
            "module.eks-v1.aws_ec2_tag.cluster_primary_security_group",
            "module.eks-v1.aws_eks_access_entry.this",
            "module.eks-v1.aws_eks_access_policy_association.this",
            "module.eks-v1.aws_eks_addon.before_compute",
            "module.eks-v1.aws_eks_addon.this",
            "module.eks-v1.aws_eks_cluster.this",
            "module.eks-v1.aws_eks_identity_provider_config.this",
            "module.eks-v1.aws_iam_openid_connect_provider.oidc_provider",
            "module.eks-v1.aws_iam_policy.cluster_encryption",
            "module.eks-v1.aws_iam_policy.cni_ipv6_policy",
            "module.eks-v1.aws_iam_policy.custom",
            "module.eks-v1.aws_iam_role.eks_auto",
            "module.eks-v1.aws_iam_role.this",
            "module.eks-v1.aws_iam_role_policy_attachment.additional",
            "module.eks-v1.aws_iam_role_policy_attachment.cluster_encryption",
            "module.eks-v1.aws_iam_role_policy_attachment.custom",
            "module.eks-v1.aws_iam_role_policy_attachment.eks_auto",
            "module.eks-v1.aws_iam_role_policy_attachment.eks_auto_additional",
            "module.eks-v1.aws_iam_role_policy_attachment.this",
            "module.eks-v1.aws_security_group.cluster",
            "module.eks-v1.aws_security_group.node",
            "module.eks-v1.aws_security_group_rule.cluster",
            "module.eks-v1.aws_security_group_rule.node",
            "module.eks-v1.data.aws_caller_identity.current",
            "module.eks-v1.data.aws_eks_addon_version.this",
            "module.eks-v1.data.aws_iam_policy_document.assume_role_policy",
            "module.eks-v1.data.aws_iam_policy_document.cni_ipv6_policy",
            "module.eks-v1.data.aws_iam_policy_document.custom",
            "module.eks-v1.data.aws_iam_policy_document.node_assume_role_policy",
            "module.eks-v1.data.aws_iam_session_context.current",
            "module.eks-v1.data.aws_partition.current",
            "module.eks-v1.data.tls_certificate.this",
            "module.eks-v1.module.eks_managed_node_group.aws_autoscaling_schedule.this",
            "module.eks-v1.module.eks_managed_node_group.aws_eks_node_group.this",
            "module.eks-v1.module.eks_managed_node_group.aws_iam_role.this",
            "module.eks-v1.module.eks_managed_node_group.aws_iam_role_policy.this",
            "module.eks-v1.module.eks_managed_node_group.aws_iam_role_policy_attachment.additional",
            "module.eks-v1.module.eks_managed_node_group.aws_iam_role_policy_attachment.this",
            "module.eks-v1.module.eks_managed_node_group.aws_launch_template.this",
            "module.eks-v1.module.eks_managed_node_group.aws_placement_group.this",
            "module.eks-v1.module.eks_managed_node_group.data.aws_caller_identity.current",
            "module.eks-v1.module.eks_managed_node_group.data.aws_ec2_instance_type.this",
            "module.eks-v1.module.eks_managed_node_group.data.aws_ec2_instance_type_offerings.this",
            "module.eks-v1.module.eks_managed_node_group.data.aws_iam_policy_document.assume_role_policy",
            "module.eks-v1.module.eks_managed_node_group.data.aws_iam_policy_document.role",
            "module.eks-v1.module.eks_managed_node_group.data.aws_partition.current",
            "module.eks-v1.module.eks_managed_node_group.data.aws_ssm_parameter.ami",
            "module.eks-v1.module.eks_managed_node_group.data.aws_subnets.placement_group",
            "module.eks-v1.module.eks_managed_node_group.module.user_data.data.cloudinit_config.al2023_eks_managed_node_group",
            "module.eks-v1.module.eks_managed_node_group.module.user_data.data.cloudinit_config.linux_eks_managed_node_group",
            "module.eks-v1.module.eks_managed_node_group.module.user_data.null_resource.validate_cluster_service_cidr",
            "module.eks-v1.module.fargate_profile.aws_eks_fargate_profile.this",
            "module.eks-v1.module.fargate_profile.aws_iam_role.this",
            "module.eks-v1.module.fargate_profile.aws_iam_role_policy.this",
            "module.eks-v1.module.fargate_profile.aws_iam_role_policy_attachment.additional",
            "module.eks-v1.module.fargate_profile.aws_iam_role_policy_attachment.this",
            "module.eks-v1.module.fargate_profile.data.aws_caller_identity.current",
            "module.eks-v1.module.fargate_profile.data.aws_iam_policy_document.assume_role_policy",
            "module.eks-v1.module.fargate_profile.data.aws_iam_policy_document.role",
            "module.eks-v1.module.fargate_profile.data.aws_partition.current",
            "module.eks-v1.module.fargate_profile.data.aws_region.current",
            "module.eks-v1.module.kms.aws_kms_alias.this",
            "module.eks-v1.module.kms.aws_kms_external_key.this",
            "module.eks-v1.module.kms.aws_kms_grant.this",
            "module.eks-v1.module.kms.aws_kms_key.this",
            "module.eks-v1.module.kms.aws_kms_replica_external_key.this",
            "module.eks-v1.module.kms.aws_kms_replica_key.this",
            "module.eks-v1.module.kms.data.aws_caller_identity.current",
            "module.eks-v1.module.kms.data.aws_iam_policy_document.this",
            "module.eks-v1.module.kms.data.aws_partition.current",
            "module.eks-v1.module.self_managed_node_group.aws_autoscaling_group.this",
            "module.eks-v1.module.self_managed_node_group.aws_autoscaling_schedule.this",
            "module.eks-v1.module.self_managed_node_group.aws_eks_access_entry.this",
            "module.eks-v1.module.self_managed_node_group.aws_iam_instance_profile.this",
            "module.eks-v1.module.self_managed_node_group.aws_iam_role.this",
            "module.eks-v1.module.self_managed_node_group.aws_iam_role_policy.this",
            "module.eks-v1.module.self_managed_node_group.aws_iam_role_policy_attachment.additional",
            "module.eks-v1.module.self_managed_node_group.aws_iam_role_policy_attachment.this",
            "module.eks-v1.module.self_managed_node_group.aws_launch_template.this",
            "module.eks-v1.module.self_managed_node_group.aws_placement_group.this",
            "module.eks-v1.module.self_managed_node_group.data.aws_caller_identity.current",
            "module.eks-v1.module.self_managed_node_group.data.aws_ec2_instance_type.this",
            "module.eks-v1.module.self_managed_node_group.data.aws_ec2_instance_type_offerings.this",
            "module.eks-v1.module.self_managed_node_group.data.aws_iam_policy_document.assume_role_policy",
            "module.eks-v1.module.self_managed_node_group.data.aws_iam_policy_document.role",
            "module.eks-v1.module.self_managed_node_group.data.aws_partition.current",
            "module.eks-v1.module.self_managed_node_group.data.aws_ssm_parameter.ami",
            "module.eks-v1.module.self_managed_node_group.data.aws_subnets.placement_group",
            "module.eks-v1.module.self_managed_node_group.module.user_data.data.cloudinit_config.al2023_eks_managed_node_group",
            "module.eks-v1.module.self_managed_node_group.module.user_data.data.cloudinit_config.linux_eks_managed_node_group",
            "module.eks-v1.module.self_managed_node_group.module.user_data.null_resource.validate_cluster_service_cidr",
            "module.eks-v1.time_sleep.this",
            "module.vpc.aws_subnet.private",
            "module.vpc.aws_vpc.this",
            "module.vpc.aws_vpc_ipv4_cidr_block_association.this"
          ]
        }
      ]
    },
    {
      "module": "module.eks-v1_blueprints_addons.module.karpenter_sqs",
      "mode": "managed",
      "type": "aws_sqs_queue_policy",
      "name": "this",
      "provider": "provider[\"registry.terraform.io/hashicorp/aws\"]",
      "instances": [
        {
          "index_key": 0,
          "schema_version": 1,
          "attributes": {
            "id": "https://sqs.ap-northeast-2.amazonaws.com/227250033304/karpenter-eks-staging-v2",
            "policy": "{\"Statement\":[{\"Action\":\"sqs:SendMessage\",\"Effect\":\"Allow\",\"Principal\":{\"Service\":[\"sqs.amazonaws.com\",\"events.amazonaws.com\"]},\"Resource\":\"arn:aws:sqs:ap-northeast-2:227250033304:karpenter-eks-staging-v2\",\"Sid\":\"SendEventsToQueue\"}],\"Version\":\"2012-10-17\"}",
            "queue_url": "https://sqs.ap-northeast-2.amazonaws.com/227250033304/karpenter-eks-staging-v2"
          },
          "sensitive_attributes": [],
          "private": "eyJzY2hlbWFfdmVyc2lvbiI6IjEifQ==",
          "dependencies": [
            "module.eks-v1.aws_cloudwatch_log_group.this",
            "module.eks-v1.aws_ec2_tag.cluster_primary_security_group",
            "module.eks-v1.aws_eks_access_entry.this",
            "module.eks-v1.aws_eks_access_policy_association.this",
            "module.eks-v1.aws_eks_addon.before_compute",
            "module.eks-v1.aws_eks_addon.this",
            "module.eks-v1.aws_eks_cluster.this",
            "module.eks-v1.aws_eks_identity_provider_config.this",
            "module.eks-v1.aws_iam_openid_connect_provider.oidc_provider",
            "module.eks-v1.aws_iam_policy.cluster_encryption",
            "module.eks-v1.aws_iam_policy.cni_ipv6_policy",
            "module.eks-v1.aws_iam_policy.custom",
            "module.eks-v1.aws_iam_role.eks_auto",
            "module.eks-v1.aws_iam_role.this",
            "module.eks-v1.aws_iam_role_policy_attachment.additional",
            "module.eks-v1.aws_iam_role_policy_attachment.cluster_encryption",
            "module.eks-v1.aws_iam_role_policy_attachment.custom",
            "module.eks-v1.aws_iam_role_policy_attachment.eks_auto",
            "module.eks-v1.aws_iam_role_policy_attachment.eks_auto_additional",
            "module.eks-v1.aws_iam_role_policy_attachment.this",
            "module.eks-v1.aws_security_group.cluster",
            "module.eks-v1.aws_security_group.node",
            "module.eks-v1.aws_security_group_rule.cluster",
            "module.eks-v1.aws_security_group_rule.node",
            "module.eks-v1.data.aws_caller_identity.current",
            "module.eks-v1.data.aws_eks_addon_version.this",
            "module.eks-v1.data.aws_iam_policy_document.assume_role_policy",
            "module.eks-v1.data.aws_iam_policy_document.cni_ipv6_policy",
            "module.eks-v1.data.aws_iam_policy_document.custom",
            "module.eks-v1.data.aws_iam_policy_document.node_assume_role_policy",
            "module.eks-v1.data.aws_iam_session_context.current",
            "module.eks-v1.data.aws_partition.current",
            "module.eks-v1.data.tls_certificate.this",
            "module.eks-v1.module.eks_managed_node_group.aws_autoscaling_schedule.this",
            "module.eks-v1.module.eks_managed_node_group.aws_eks_node_group.this",
            "module.eks-v1.module.eks_managed_node_group.aws_iam_role.this",
            "module.eks-v1.module.eks_managed_node_group.aws_iam_role_policy.this",
            "module.eks-v1.module.eks_managed_node_group.aws_iam_role_policy_attachment.additional",
            "module.eks-v1.module.eks_managed_node_group.aws_iam_role_policy_attachment.this",
            "module.eks-v1.module.eks_managed_node_group.aws_launch_template.this",
            "module.eks-v1.module.eks_managed_node_group.aws_placement_group.this",
            "module.eks-v1.module.eks_managed_node_group.data.aws_caller_identity.current",
            "module.eks-v1.module.eks_managed_node_group.data.aws_ec2_instance_type.this",
            "module.eks-v1.module.eks_managed_node_group.data.aws_ec2_instance_type_offerings.this",
            "module.eks-v1.module.eks_managed_node_group.data.aws_iam_policy_document.assume_role_policy",
            "module.eks-v1.module.eks_managed_node_group.data.aws_iam_policy_document.role",
            "module.eks-v1.module.eks_managed_node_group.data.aws_partition.current",
            "module.eks-v1.module.eks_managed_node_group.data.aws_ssm_parameter.ami",
            "module.eks-v1.module.eks_managed_node_group.data.aws_subnets.placement_group",
            "module.eks-v1.module.eks_managed_node_group.module.user_data.data.cloudinit_config.al2023_eks_managed_node_group",
            "module.eks-v1.module.eks_managed_node_group.module.user_data.data.cloudinit_config.linux_eks_managed_node_group",
            "module.eks-v1.module.eks_managed_node_group.module.user_data.null_resource.validate_cluster_service_cidr",
            "module.eks-v1.module.fargate_profile.aws_eks_fargate_profile.this",
            "module.eks-v1.module.fargate_profile.aws_iam_role.this",
            "module.eks-v1.module.fargate_profile.aws_iam_role_policy.this",
            "module.eks-v1.module.fargate_profile.aws_iam_role_policy_attachment.additional",
            "module.eks-v1.module.fargate_profile.aws_iam_role_policy_attachment.this",
            "module.eks-v1.module.fargate_profile.data.aws_caller_identity.current",
            "module.eks-v1.module.fargate_profile.data.aws_iam_policy_document.assume_role_policy",
            "module.eks-v1.module.fargate_profile.data.aws_iam_policy_document.role",
            "module.eks-v1.module.fargate_profile.data.aws_partition.current",
            "module.eks-v1.module.fargate_profile.data.aws_region.current",
            "module.eks-v1.module.kms.aws_kms_alias.this",
            "module.eks-v1.module.kms.aws_kms_external_key.this",
            "module.eks-v1.module.kms.aws_kms_grant.this",
            "module.eks-v1.module.kms.aws_kms_key.this",
            "module.eks-v1.module.kms.aws_kms_replica_external_key.this",
            "module.eks-v1.module.kms.aws_kms_replica_key.this",
            "module.eks-v1.module.kms.data.aws_caller_identity.current",
            "module.eks-v1.module.kms.data.aws_iam_policy_document.this",
            "module.eks-v1.module.kms.data.aws_partition.current",
            "module.eks-v1.module.self_managed_node_group.aws_autoscaling_group.this",
            "module.eks-v1.module.self_managed_node_group.aws_autoscaling_schedule.this",
            "module.eks-v1.module.self_managed_node_group.aws_eks_access_entry.this",
            "module.eks-v1.module.self_managed_node_group.aws_iam_instance_profile.this",
            "module.eks-v1.module.self_managed_node_group.aws_iam_role.this",
            "module.eks-v1.module.self_managed_node_group.aws_iam_role_policy.this",
            "module.eks-v1.module.self_managed_node_group.aws_iam_role_policy_attachment.additional",
            "module.eks-v1.module.self_managed_node_group.aws_iam_role_policy_attachment.this",
            "module.eks-v1.module.self_managed_node_group.aws_launch_template.this",
            "module.eks-v1.module.self_managed_node_group.aws_placement_group.this",
            "module.eks-v1.module.self_managed_node_group.data.aws_caller_identity.current",
            "module.eks-v1.module.self_managed_node_group.data.aws_ec2_instance_type.this",
            "module.eks-v1.module.self_managed_node_group.data.aws_ec2_instance_type_offerings.this",
            "module.eks-v1.module.self_managed_node_group.data.aws_iam_policy_document.assume_role_policy",
            "module.eks-v1.module.self_managed_node_group.data.aws_iam_policy_document.role",
            "module.eks-v1.module.self_managed_node_group.data.aws_partition.current",
            "module.eks-v1.module.self_managed_node_group.data.aws_ssm_parameter.ami",
            "module.eks-v1.module.self_managed_node_group.data.aws_subnets.placement_group",
            "module.eks-v1.module.self_managed_node_group.module.user_data.data.cloudinit_config.al2023_eks_managed_node_group",
            "module.eks-v1.module.self_managed_node_group.module.user_data.data.cloudinit_config.linux_eks_managed_node_group",
            "module.eks-v1.module.self_managed_node_group.module.user_data.null_resource.validate_cluster_service_cidr",
            "module.eks-v1.time_sleep.this",
            "module.eks-v1_blueprints_addons.module.karpenter_sqs.aws_sqs_queue.this",
            "module.eks-v1_blueprints_addons.module.karpenter_sqs.data.aws_iam_policy_document.this",
            "module.vpc.aws_subnet.private",
            "module.vpc.aws_vpc.this",
            "module.vpc.aws_vpc_ipv4_cidr_block_association.this"
          ]
        }
      ]
    },
    {
      "module": "module.vpc",
      "mode": "managed",
      "type": "aws_default_network_acl",
      "name": "this",
      "provider": "provider[\"registry.terraform.io/hashicorp/aws\"]",
      "instances": [
        {
          "index_key": 0,
          "schema_version": 0,
          "attributes": {
            "arn": "arn:aws:ec2:ap-northeast-2:227250033304:network-acl/acl-0228cd2bf42bfb253",
            "default_network_acl_id": "acl-0228cd2bf42bfb253",
            "egress": [
              {
                "action": "allow",
                "cidr_block": "",
                "from_port": 0,
                "icmp_code": 0,
                "icmp_type": 0,
                "ipv6_cidr_block": "::/0",
                "protocol": "-1",
                "rule_no": 101,
                "to_port": 0
              },
              {
                "action": "allow",
                "cidr_block": "0.0.0.0/0",
                "from_port": 0,
                "icmp_code": 0,
                "icmp_type": 0,
                "ipv6_cidr_block": "",
                "protocol": "-1",
                "rule_no": 100,
                "to_port": 0
              }
            ],
            "id": "acl-0228cd2bf42bfb253",
            "ingress": [
              {
                "action": "allow",
                "cidr_block": "",
                "from_port": 0,
                "icmp_code": 0,
                "icmp_type": 0,
                "ipv6_cidr_block": "::/0",
                "protocol": "-1",
                "rule_no": 101,
                "to_port": 0
              },
              {
                "action": "allow",
                "cidr_block": "0.0.0.0/0",
                "from_port": 0,
                "icmp_code": 0,
                "icmp_type": 0,
                "ipv6_cidr_block": "",
                "protocol": "-1",
                "rule_no": 100,
                "to_port": 0
              }
            ],
            "owner_id": "227250033304",
            "subnet_ids": [
              "subnet-00635c29eec3568b4",
              "subnet-0519bbe580461c7ee",
              "subnet-054afe646a1e4910c",
              "subnet-059e797790a73cde3",
              "subnet-083c6357f6232a49f",
              "subnet-0b3994c3fe367fc7c",
              "subnet-0bdc8e11ae4a86944",
              "subnet-0d5bc80950ae8f213"
            ],
            "tags": {
              "Environment": "staging",
              "Name": "finalproject-vpc-default",
              "Terraform": "true"
            },
            "tags_all": {
              "Environment": "staging",
              "Name": "finalproject-vpc-default",
              "Terraform": "true"
            },
            "vpc_id": "vpc-0219610767f79ee25"
          },
          "sensitive_attributes": [],
          "private": "bnVsbA==",
          "dependencies": [
            "module.vpc.aws_vpc.this"
          ]
        }
      ]
    },
    {
      "module": "module.vpc",
      "mode": "managed",
      "type": "aws_default_route_table",
      "name": "default",
      "provider": "provider[\"registry.terraform.io/hashicorp/aws\"]",
      "instances": [
        {
          "index_key": 0,
          "schema_version": 0,
          "attributes": {
            "arn": "arn:aws:ec2:ap-northeast-2:227250033304:route-table/rtb-06312b6e4aad23ebf",
            "default_route_table_id": "rtb-06312b6e4aad23ebf",
            "id": "rtb-06312b6e4aad23ebf",
            "owner_id": "227250033304",
            "propagating_vgws": [],
            "route": [],
            "tags": {
              "Environment": "staging",
              "Name": "finalproject-vpc-default",
              "Terraform": "true"
            },
            "tags_all": {
              "Environment": "staging",
              "Name": "finalproject-vpc-default",
              "Terraform": "true"
            },
            "timeouts": {
              "create": "5m",
              "update": "5m"
            },
            "vpc_id": "vpc-0219610767f79ee25"
          },
          "sensitive_attributes": [],
          "private": "eyJlMmJmYjczMC1lY2FhLTExZTYtOGY4OC0zNDM2M2JjN2M0YzAiOnsiY3JlYXRlIjozMDAwMDAwMDAwMDAsInVwZGF0ZSI6MzAwMDAwMDAwMDAwfX0=",
          "dependencies": [
            "module.vpc.aws_vpc.this"
          ]
        }
      ]
    },
    {
      "module": "module.vpc",
      "mode": "managed",
      "type": "aws_default_security_group",
      "name": "this",
      "provider": "provider[\"registry.terraform.io/hashicorp/aws\"]",
      "instances": [
        {
          "index_key": 0,
          "schema_version": 1,
          "attributes": {
            "arn": "arn:aws:ec2:ap-northeast-2:227250033304:security-group/sg-034412b1b6be9b257",
            "description": "default VPC security group",
            "egress": [
              {
                "cidr_blocks": [
                  "0.0.0.0/0"
                ],
                "description": "",
                "from_port": 0,
                "ipv6_cidr_blocks": [],
                "prefix_list_ids": [],
                "protocol": "tcp",
                "security_groups": [],
                "self": false,
                "to_port": 65535
              }
            ],
            "id": "sg-034412b1b6be9b257",
            "ingress": [
              {
                "cidr_blocks": [
                  "0.0.0.0/0"
                ],
                "description": "",
                "from_port": 6379,
                "ipv6_cidr_blocks": [],
                "prefix_list_ids": [],
                "protocol": "tcp",
                "security_groups": [],
                "self": false,
                "to_port": 6379
              }
            ],
            "name": "default",
            "name_prefix": "",
            "owner_id": "227250033304",
            "revoke_rules_on_delete": false,
            "tags": {
              "Environment": "staging",
              "Name": "finalproject-vpc-default",
              "Terraform": "true"
            },
            "tags_all": {
              "Environment": "staging",
              "Name": "finalproject-vpc-default",
              "Terraform": "true"
            },
            "vpc_id": "vpc-0219610767f79ee25"
          },
          "sensitive_attributes": [],
          "private": "eyJzY2hlbWFfdmVyc2lvbiI6IjEifQ==",
          "dependencies": [
            "module.vpc.aws_vpc.this"
          ]
        }
      ]
    },
    {
      "module": "module.vpc",
      "mode": "managed",
      "type": "aws_eip",
      "name": "nat",
      "provider": "provider[\"registry.terraform.io/hashicorp/aws\"]",
      "instances": [
        {
          "index_key": 0,
          "schema_version": 0,
          "attributes": {
            "address": null,
            "allocation_id": "eipalloc-0df1ed60289c4ea95",
            "arn": "arn:aws:ec2:ap-northeast-2:227250033304:elastic-ip/eipalloc-0df1ed60289c4ea95",
            "associate_with_private_ip": null,
            "association_id": "eipassoc-09f40cdcbdfc21c1b",
            "carrier_ip": "",
            "customer_owned_ip": "",
            "customer_owned_ipv4_pool": "",
            "domain": "vpc",
            "id": "eipalloc-0df1ed60289c4ea95",
            "instance": "",
            "ipam_pool_id": null,
            "network_border_group": "ap-northeast-2",
            "network_interface": "eni-062c3796ff8c2930a",
            "private_dns": "ip-10-1-101-125.ap-northeast-2.compute.internal",
            "private_ip": "10.1.101.125",
            "ptr_record": "",
            "public_dns": "ec2-3-37-35-206.ap-northeast-2.compute.amazonaws.com",
            "public_ip": "3.37.35.206",
            "public_ipv4_pool": "amazon",
            "tags": {
              "Environment": "staging",
              "Name": "finalproject-vpc-ap-northeast-2a",
              "Terraform": "true"
            },
            "tags_all": {
              "Environment": "staging",
              "Name": "finalproject-vpc-ap-northeast-2a",
              "Terraform": "true"
            },
            "timeouts": null,
            "vpc": true
          },
          "sensitive_attributes": [],
          "private": "eyJlMmJmYjczMC1lY2FhLTExZTYtOGY4OC0zNDM2M2JjN2M0YzAiOnsiZGVsZXRlIjoxODAwMDAwMDAwMDAsInJlYWQiOjkwMDAwMDAwMDAwMCwidXBkYXRlIjozMDAwMDAwMDAwMDB9fQ==",
          "dependencies": [
            "module.vpc.aws_internet_gateway.this",
            "module.vpc.aws_vpc.this",
            "module.vpc.aws_vpc_ipv4_cidr_block_association.this"
          ]
        }
      ]
    },
    {
      "module": "module.vpc",
      "mode": "managed",
      "type": "aws_internet_gateway",
      "name": "this",
      "provider": "provider[\"registry.terraform.io/hashicorp/aws\"]",
      "instances": [
        {
          "index_key": 0,
          "schema_version": 0,
          "attributes": {
            "arn": "arn:aws:ec2:ap-northeast-2:227250033304:internet-gateway/igw-02ea484bd246a6b78",
            "id": "igw-02ea484bd246a6b78",
            "owner_id": "227250033304",
            "tags": {
              "Environment": "staging",
              "Name": "finalproject-vpc",
              "Terraform": "true"
            },
            "tags_all": {
              "Environment": "staging",
              "Name": "finalproject-vpc",
              "Terraform": "true"
            },
            "timeouts": null,
            "vpc_id": "vpc-0219610767f79ee25"
          },
          "sensitive_attributes": [],
          "private": "eyJlMmJmYjczMC1lY2FhLTExZTYtOGY4OC0zNDM2M2JjN2M0YzAiOnsiY3JlYXRlIjoxMjAwMDAwMDAwMDAwLCJkZWxldGUiOjEyMDAwMDAwMDAwMDAsInVwZGF0ZSI6MTIwMDAwMDAwMDAwMH19",
          "dependencies": [
            "module.vpc.aws_vpc.this",
            "module.vpc.aws_vpc_ipv4_cidr_block_association.this"
          ]
        }
      ]
    },
    {
      "module": "module.vpc",
      "mode": "managed",
      "type": "aws_nat_gateway",
      "name": "this",
      "provider": "provider[\"registry.terraform.io/hashicorp/aws\"]",
      "instances": [
        {
          "index_key": 0,
          "schema_version": 0,
          "attributes": {
            "allocation_id": "eipalloc-0df1ed60289c4ea95",
            "association_id": "eipassoc-09f40cdcbdfc21c1b",
            "connectivity_type": "public",
            "id": "nat-05b66f05b1cbda8c2",
            "network_interface_id": "eni-062c3796ff8c2930a",
            "private_ip": "10.1.101.125",
            "public_ip": "3.37.35.206",
            "secondary_allocation_ids": [],
            "secondary_private_ip_address_count": 0,
            "secondary_private_ip_addresses": [],
            "subnet_id": "subnet-0d5bc80950ae8f213",
            "tags": {
              "Environment": "staging",
              "Name": "finalproject-vpc-ap-northeast-2a",
              "Terraform": "true"
            },
            "tags_all": {
              "Environment": "staging",
              "Name": "finalproject-vpc-ap-northeast-2a",
              "Terraform": "true"
            },
            "timeouts": null
          },
          "sensitive_attributes": [],
          "private": "eyJlMmJmYjczMC1lY2FhLTExZTYtOGY4OC0zNDM2M2JjN2M0YzAiOnsiY3JlYXRlIjo2MDAwMDAwMDAwMDAsImRlbGV0ZSI6MTgwMDAwMDAwMDAwMCwidXBkYXRlIjo2MDAwMDAwMDAwMDB9fQ==",
          "dependencies": [
            "module.vpc.aws_eip.nat",
            "module.vpc.aws_internet_gateway.this",
            "module.vpc.aws_subnet.public",
            "module.vpc.aws_vpc.this",
            "module.vpc.aws_vpc_ipv4_cidr_block_association.this"
          ]
        }
      ]
    },
    {
      "module": "module.vpc",
      "mode": "managed",
      "type": "aws_route",
      "name": "private_nat_gateway",
      "provider": "provider[\"registry.terraform.io/hashicorp/aws\"]",
      "instances": [
        {
          "index_key": 0,
          "schema_version": 0,
          "attributes": {
            "carrier_gateway_id": "",
            "core_network_arn": "",
            "destination_cidr_block": "0.0.0.0/0",
            "destination_ipv6_cidr_block": "",
            "destination_prefix_list_id": "",
            "egress_only_gateway_id": "",
            "gateway_id": "",
            "id": "r-rtb-0994a7781d84e60f91080289494",
            "instance_id": "",
            "instance_owner_id": "",
            "local_gateway_id": "",
            "nat_gateway_id": "nat-05b66f05b1cbda8c2",
            "network_interface_id": "",
            "origin": "CreateRoute",
            "route_table_id": "rtb-0994a7781d84e60f9",
            "state": "active",
            "timeouts": {
              "create": "5m",
              "delete": null,
              "update": null
            },
            "transit_gateway_id": "",
            "vpc_endpoint_id": "",
            "vpc_peering_connection_id": ""
          },
          "sensitive_attributes": [],
          "private": "eyJlMmJmYjczMC1lY2FhLTExZTYtOGY4OC0zNDM2M2JjN2M0YzAiOnsiY3JlYXRlIjozMDAwMDAwMDAwMDAsImRlbGV0ZSI6MzAwMDAwMDAwMDAwLCJ1cGRhdGUiOjEyMDAwMDAwMDAwMH19",
          "dependencies": [
            "module.vpc.aws_eip.nat",
            "module.vpc.aws_internet_gateway.this",
            "module.vpc.aws_nat_gateway.this",
            "module.vpc.aws_route_table.private",
            "module.vpc.aws_subnet.public",
            "module.vpc.aws_vpc.this",
            "module.vpc.aws_vpc_ipv4_cidr_block_association.this"
          ]
        }
      ]
    },
    {
      "module": "module.vpc",
      "mode": "managed",
      "type": "aws_route",
      "name": "public_internet_gateway",
      "provider": "provider[\"registry.terraform.io/hashicorp/aws\"]",
      "instances": [
        {
          "index_key": 0,
          "schema_version": 0,
          "attributes": {
            "carrier_gateway_id": "",
            "core_network_arn": "",
            "destination_cidr_block": "0.0.0.0/0",
            "destination_ipv6_cidr_block": "",
            "destination_prefix_list_id": "",
            "egress_only_gateway_id": "",
            "gateway_id": "igw-02ea484bd246a6b78",
            "id": "r-rtb-024645aaef599b3911080289494",
            "instance_id": "",
            "instance_owner_id": "",
            "local_gateway_id": "",
            "nat_gateway_id": "",
            "network_interface_id": "",
            "origin": "CreateRoute",
            "route_table_id": "rtb-024645aaef599b391",
            "state": "active",
            "timeouts": {
              "create": "5m",
              "delete": null,
              "update": null
            },
            "transit_gateway_id": "",
            "vpc_endpoint_id": "",
            "vpc_peering_connection_id": ""
          },
          "sensitive_attributes": [],
          "private": "eyJlMmJmYjczMC1lY2FhLTExZTYtOGY4OC0zNDM2M2JjN2M0YzAiOnsiY3JlYXRlIjozMDAwMDAwMDAwMDAsImRlbGV0ZSI6MzAwMDAwMDAwMDAwLCJ1cGRhdGUiOjEyMDAwMDAwMDAwMH19",
          "dependencies": [
            "module.vpc.aws_internet_gateway.this",
            "module.vpc.aws_route_table.public",
            "module.vpc.aws_vpc.this",
            "module.vpc.aws_vpc_ipv4_cidr_block_association.this"
          ]
        }
      ]
    },
    {
      "module": "module.vpc",
      "mode": "managed",
      "type": "aws_route_table",
      "name": "private",
      "provider": "provider[\"registry.terraform.io/hashicorp/aws\"]",
      "instances": [
        {
          "index_key": 0,
          "schema_version": 0,
          "attributes": {
            "arn": "arn:aws:ec2:ap-northeast-2:227250033304:route-table/rtb-0994a7781d84e60f9",
            "id": "rtb-0994a7781d84e60f9",
            "owner_id": "227250033304",
            "propagating_vgws": [],
            "route": [
              {
                "carrier_gateway_id": "",
                "cidr_block": "0.0.0.0/0",
                "core_network_arn": "",
                "destination_prefix_list_id": "",
                "egress_only_gateway_id": "",
                "gateway_id": "",
                "ipv6_cidr_block": "",
                "local_gateway_id": "",
                "nat_gateway_id": "nat-05b66f05b1cbda8c2",
                "network_interface_id": "",
                "transit_gateway_id": "",
                "vpc_endpoint_id": "",
                "vpc_peering_connection_id": ""
              }
            ],
            "tags": {
              "Environment": "staging",
              "Name": "finalproject-vpc-private",
              "Terraform": "true"
            },
            "tags_all": {
              "Environment": "staging",
              "Name": "finalproject-vpc-private",
              "Terraform": "true"
            },
            "timeouts": null,
            "vpc_id": "vpc-0219610767f79ee25"
          },
          "sensitive_attributes": [],
          "private": "eyJlMmJmYjczMC1lY2FhLTExZTYtOGY4OC0zNDM2M2JjN2M0YzAiOnsiY3JlYXRlIjozMDAwMDAwMDAwMDAsImRlbGV0ZSI6MzAwMDAwMDAwMDAwLCJ1cGRhdGUiOjEyMDAwMDAwMDAwMH19",
          "dependencies": [
            "module.vpc.aws_vpc.this",
            "module.vpc.aws_vpc_ipv4_cidr_block_association.this"
          ]
        }
      ]
    },
    {
      "module": "module.vpc",
      "mode": "managed",
      "type": "aws_route_table",
      "name": "public",
      "provider": "provider[\"registry.terraform.io/hashicorp/aws\"]",
      "instances": [
        {
          "index_key": 0,
          "schema_version": 0,
          "attributes": {
            "arn": "arn:aws:ec2:ap-northeast-2:227250033304:route-table/rtb-024645aaef599b391",
            "id": "rtb-024645aaef599b391",
            "owner_id": "227250033304",
            "propagating_vgws": [],
            "route": [
              {
                "carrier_gateway_id": "",
                "cidr_block": "0.0.0.0/0",
                "core_network_arn": "",
                "destination_prefix_list_id": "",
                "egress_only_gateway_id": "",
                "gateway_id": "igw-02ea484bd246a6b78",
                "ipv6_cidr_block": "",
                "local_gateway_id": "",
                "nat_gateway_id": "",
                "network_interface_id": "",
                "transit_gateway_id": "",
                "vpc_endpoint_id": "",
                "vpc_peering_connection_id": ""
              }
            ],
            "tags": {
              "Environment": "staging",
              "Name": "finalproject-vpc-public",
              "Terraform": "true"
            },
            "tags_all": {
              "Environment": "staging",
              "Name": "finalproject-vpc-public",
              "Terraform": "true"
            },
            "timeouts": null,
            "vpc_id": "vpc-0219610767f79ee25"
          },
          "sensitive_attributes": [],
          "private": "eyJlMmJmYjczMC1lY2FhLTExZTYtOGY4OC0zNDM2M2JjN2M0YzAiOnsiY3JlYXRlIjozMDAwMDAwMDAwMDAsImRlbGV0ZSI6MzAwMDAwMDAwMDAwLCJ1cGRhdGUiOjEyMDAwMDAwMDAwMH19",
          "dependencies": [
            "module.vpc.aws_vpc.this",
            "module.vpc.aws_vpc_ipv4_cidr_block_association.this"
          ]
        }
      ]
    },
    {
      "module": "module.vpc",
      "mode": "managed",
      "type": "aws_route_table_association",
      "name": "private",
      "provider": "provider[\"registry.terraform.io/hashicorp/aws\"]",
      "instances": [
        {
          "index_key": 0,
          "schema_version": 0,
          "attributes": {
            "gateway_id": "",
            "id": "rtbassoc-0333e311b64a1992f",
            "route_table_id": "rtb-0994a7781d84e60f9",
            "subnet_id": "subnet-0519bbe580461c7ee",
            "timeouts": null
          },
          "sensitive_attributes": [],
          "private": "eyJlMmJmYjczMC1lY2FhLTExZTYtOGY4OC0zNDM2M2JjN2M0YzAiOnsiY3JlYXRlIjozMDAwMDAwMDAwMDAsImRlbGV0ZSI6MzAwMDAwMDAwMDAwLCJ1cGRhdGUiOjEyMDAwMDAwMDAwMH19",
          "dependencies": [
            "module.vpc.aws_route_table.private",
            "module.vpc.aws_subnet.private",
            "module.vpc.aws_vpc.this",
            "module.vpc.aws_vpc_ipv4_cidr_block_association.this"
          ]
        },
        {
          "index_key": 1,
          "schema_version": 0,
          "attributes": {
            "gateway_id": "",
            "id": "rtbassoc-0b463988c06db3fd1",
            "route_table_id": "rtb-0994a7781d84e60f9",
            "subnet_id": "subnet-059e797790a73cde3",
            "timeouts": null
          },
          "sensitive_attributes": [],
          "private": "eyJlMmJmYjczMC1lY2FhLTExZTYtOGY4OC0zNDM2M2JjN2M0YzAiOnsiY3JlYXRlIjozMDAwMDAwMDAwMDAsImRlbGV0ZSI6MzAwMDAwMDAwMDAwLCJ1cGRhdGUiOjEyMDAwMDAwMDAwMH19",
          "dependencies": [
            "module.vpc.aws_route_table.private",
            "module.vpc.aws_subnet.private",
            "module.vpc.aws_vpc.this",
            "module.vpc.aws_vpc_ipv4_cidr_block_association.this"
          ]
        },
        {
          "index_key": 2,
          "schema_version": 0,
          "attributes": {
            "gateway_id": "",
            "id": "rtbassoc-0301fa229e605e279",
            "route_table_id": "rtb-0994a7781d84e60f9",
            "subnet_id": "subnet-00635c29eec3568b4",
            "timeouts": null
          },
          "sensitive_attributes": [],
          "private": "eyJlMmJmYjczMC1lY2FhLTExZTYtOGY4OC0zNDM2M2JjN2M0YzAiOnsiY3JlYXRlIjozMDAwMDAwMDAwMDAsImRlbGV0ZSI6MzAwMDAwMDAwMDAwLCJ1cGRhdGUiOjEyMDAwMDAwMDAwMH19",
          "dependencies": [
            "module.vpc.aws_route_table.private",
            "module.vpc.aws_subnet.private",
            "module.vpc.aws_vpc.this",
            "module.vpc.aws_vpc_ipv4_cidr_block_association.this"
          ]
        },
        {
          "index_key": 3,
          "schema_version": 0,
          "attributes": {
            "gateway_id": "",
            "id": "rtbassoc-017fe0df39968ef1d",
            "route_table_id": "rtb-0994a7781d84e60f9",
            "subnet_id": "subnet-0bdc8e11ae4a86944",
            "timeouts": null
          },
          "sensitive_attributes": [],
          "private": "eyJlMmJmYjczMC1lY2FhLTExZTYtOGY4OC0zNDM2M2JjN2M0YzAiOnsiY3JlYXRlIjozMDAwMDAwMDAwMDAsImRlbGV0ZSI6MzAwMDAwMDAwMDAwLCJ1cGRhdGUiOjEyMDAwMDAwMDAwMH19",
          "dependencies": [
            "module.vpc.aws_route_table.private",
            "module.vpc.aws_subnet.private",
            "module.vpc.aws_vpc.this",
            "module.vpc.aws_vpc_ipv4_cidr_block_association.this"
          ]
        }
      ]
    },
    {
      "module": "module.vpc",
      "mode": "managed",
      "type": "aws_route_table_association",
      "name": "public",
      "provider": "provider[\"registry.terraform.io/hashicorp/aws\"]",
      "instances": [
        {
          "index_key": 0,
          "schema_version": 0,
          "attributes": {
            "gateway_id": "",
            "id": "rtbassoc-0c94e2d19896a04cd",
            "route_table_id": "rtb-024645aaef599b391",
            "subnet_id": "subnet-0d5bc80950ae8f213",
            "timeouts": null
          },
          "sensitive_attributes": [],
          "private": "eyJlMmJmYjczMC1lY2FhLTExZTYtOGY4OC0zNDM2M2JjN2M0YzAiOnsiY3JlYXRlIjozMDAwMDAwMDAwMDAsImRlbGV0ZSI6MzAwMDAwMDAwMDAwLCJ1cGRhdGUiOjEyMDAwMDAwMDAwMH19",
          "dependencies": [
            "module.vpc.aws_route_table.public",
            "module.vpc.aws_subnet.public",
            "module.vpc.aws_vpc.this",
            "module.vpc.aws_vpc_ipv4_cidr_block_association.this"
          ]
        },
        {
          "index_key": 1,
          "schema_version": 0,
          "attributes": {
            "gateway_id": "",
            "id": "rtbassoc-0692fa33afa53f2e3",
            "route_table_id": "rtb-024645aaef599b391",
            "subnet_id": "subnet-0b3994c3fe367fc7c",
            "timeouts": null
          },
          "sensitive_attributes": [],
          "private": "eyJlMmJmYjczMC1lY2FhLTExZTYtOGY4OC0zNDM2M2JjN2M0YzAiOnsiY3JlYXRlIjozMDAwMDAwMDAwMDAsImRlbGV0ZSI6MzAwMDAwMDAwMDAwLCJ1cGRhdGUiOjEyMDAwMDAwMDAwMH19",
          "dependencies": [
            "module.vpc.aws_route_table.public",
            "module.vpc.aws_subnet.public",
            "module.vpc.aws_vpc.this",
            "module.vpc.aws_vpc_ipv4_cidr_block_association.this"
          ]
        },
        {
          "index_key": 2,
          "schema_version": 0,
          "attributes": {
            "gateway_id": "",
            "id": "rtbassoc-0d0cfac38d0ad4834",
            "route_table_id": "rtb-024645aaef599b391",
            "subnet_id": "subnet-054afe646a1e4910c",
            "timeouts": null
          },
          "sensitive_attributes": [],
          "private": "eyJlMmJmYjczMC1lY2FhLTExZTYtOGY4OC0zNDM2M2JjN2M0YzAiOnsiY3JlYXRlIjozMDAwMDAwMDAwMDAsImRlbGV0ZSI6MzAwMDAwMDAwMDAwLCJ1cGRhdGUiOjEyMDAwMDAwMDAwMH19",
          "dependencies": [
            "module.vpc.aws_route_table.public",
            "module.vpc.aws_subnet.public",
            "module.vpc.aws_vpc.this",
            "module.vpc.aws_vpc_ipv4_cidr_block_association.this"
          ]
        },
        {
          "index_key": 3,
          "schema_version": 0,
          "attributes": {
            "gateway_id": "",
            "id": "rtbassoc-00936ac1c9d6aa8b1",
            "route_table_id": "rtb-024645aaef599b391",
            "subnet_id": "subnet-083c6357f6232a49f",
            "timeouts": null
          },
          "sensitive_attributes": [],
          "private": "eyJlMmJmYjczMC1lY2FhLTExZTYtOGY4OC0zNDM2M2JjN2M0YzAiOnsiY3JlYXRlIjozMDAwMDAwMDAwMDAsImRlbGV0ZSI6MzAwMDAwMDAwMDAwLCJ1cGRhdGUiOjEyMDAwMDAwMDAwMH19",
          "dependencies": [
            "module.vpc.aws_route_table.public",
            "module.vpc.aws_subnet.public",
            "module.vpc.aws_vpc.this",
            "module.vpc.aws_vpc_ipv4_cidr_block_association.this"
          ]
        }
      ]
    },
    {
      "module": "module.vpc",
      "mode": "managed",
      "type": "aws_subnet",
      "name": "private",
      "provider": "provider[\"registry.terraform.io/hashicorp/aws\"]",
      "instances": [
        {
          "index_key": 0,
          "schema_version": 1,
          "attributes": {
            "arn": "arn:aws:ec2:ap-northeast-2:227250033304:subnet/subnet-0519bbe580461c7ee",
            "assign_ipv6_address_on_creation": false,
            "availability_zone": "ap-northeast-2a",
            "availability_zone_id": "apne2-az1",
            "cidr_block": "10.1.1.0/24",
            "customer_owned_ipv4_pool": "",
            "enable_dns64": false,
            "enable_lni_at_device_index": 0,
            "enable_resource_name_dns_a_record_on_launch": false,
            "enable_resource_name_dns_aaaa_record_on_launch": false,
            "id": "subnet-0519bbe580461c7ee",
            "ipv6_cidr_block": "",
            "ipv6_cidr_block_association_id": "",
            "ipv6_native": false,
            "map_customer_owned_ip_on_launch": false,
            "map_public_ip_on_launch": false,
            "outpost_arn": "",
            "owner_id": "227250033304",
            "private_dns_hostname_type_on_launch": "ip-name",
            "tags": {
              "Environment": "staging",
              "Name": "finalproject-vpc-private-ap-northeast-2a",
              "Terraform": "true",
              "karpenter.sh/discovery": "eks-staging-v2",
              "kubernetes.io/role/internal-elb": "1"
            },
            "tags_all": {
              "Environment": "staging",
              "Name": "finalproject-vpc-private-ap-northeast-2a",
              "Terraform": "true",
              "karpenter.sh/discovery": "eks-staging-v2",
              "kubernetes.io/role/internal-elb": "1"
            },
            "timeouts": null,
            "vpc_id": "vpc-0219610767f79ee25"
          },
          "sensitive_attributes": [],
          "private": "eyJlMmJmYjczMC1lY2FhLTExZTYtOGY4OC0zNDM2M2JjN2M0YzAiOnsiY3JlYXRlIjo2MDAwMDAwMDAwMDAsImRlbGV0ZSI6MTIwMDAwMDAwMDAwMH0sInNjaGVtYV92ZXJzaW9uIjoiMSJ9",
          "dependencies": [
            "module.vpc.aws_vpc.this",
            "module.vpc.aws_vpc_ipv4_cidr_block_association.this"
          ]
        },
        {
          "index_key": 1,
          "schema_version": 1,
          "attributes": {
            "arn": "arn:aws:ec2:ap-northeast-2:227250033304:subnet/subnet-059e797790a73cde3",
            "assign_ipv6_address_on_creation": false,
            "availability_zone": "ap-northeast-2b",
            "availability_zone_id": "apne2-az2",
            "cidr_block": "10.1.2.0/24",
            "customer_owned_ipv4_pool": "",
            "enable_dns64": false,
            "enable_lni_at_device_index": 0,
            "enable_resource_name_dns_a_record_on_launch": false,
            "enable_resource_name_dns_aaaa_record_on_launch": false,
            "id": "subnet-059e797790a73cde3",
            "ipv6_cidr_block": "",
            "ipv6_cidr_block_association_id": "",
            "ipv6_native": false,
            "map_customer_owned_ip_on_launch": false,
            "map_public_ip_on_launch": false,
            "outpost_arn": "",
            "owner_id": "227250033304",
            "private_dns_hostname_type_on_launch": "ip-name",
            "tags": {
              "Environment": "staging",
              "Name": "finalproject-vpc-private-ap-northeast-2b",
              "Terraform": "true",
              "karpenter.sh/discovery": "eks-staging-v2",
              "kubernetes.io/role/internal-elb": "1"
            },
            "tags_all": {
              "Environment": "staging",
              "Name": "finalproject-vpc-private-ap-northeast-2b",
              "Terraform": "true",
              "karpenter.sh/discovery": "eks-staging-v2",
              "kubernetes.io/role/internal-elb": "1"
            },
            "timeouts": null,
            "vpc_id": "vpc-0219610767f79ee25"
          },
          "sensitive_attributes": [],
          "private": "eyJlMmJmYjczMC1lY2FhLTExZTYtOGY4OC0zNDM2M2JjN2M0YzAiOnsiY3JlYXRlIjo2MDAwMDAwMDAwMDAsImRlbGV0ZSI6MTIwMDAwMDAwMDAwMH0sInNjaGVtYV92ZXJzaW9uIjoiMSJ9",
          "dependencies": [
            "module.vpc.aws_vpc.this",
            "module.vpc.aws_vpc_ipv4_cidr_block_association.this"
          ]
        },
        {
          "index_key": 2,
          "schema_version": 1,
          "attributes": {
            "arn": "arn:aws:ec2:ap-northeast-2:227250033304:subnet/subnet-00635c29eec3568b4",
            "assign_ipv6_address_on_creation": false,
            "availability_zone": "ap-northeast-2c",
            "availability_zone_id": "apne2-az3",
            "cidr_block": "10.1.3.0/24",
            "customer_owned_ipv4_pool": "",
            "enable_dns64": false,
            "enable_lni_at_device_index": 0,
            "enable_resource_name_dns_a_record_on_launch": false,
            "enable_resource_name_dns_aaaa_record_on_launch": false,
            "id": "subnet-00635c29eec3568b4",
            "ipv6_cidr_block": "",
            "ipv6_cidr_block_association_id": "",
            "ipv6_native": false,
            "map_customer_owned_ip_on_launch": false,
            "map_public_ip_on_launch": false,
            "outpost_arn": "",
            "owner_id": "227250033304",
            "private_dns_hostname_type_on_launch": "ip-name",
            "tags": {
              "Environment": "staging",
              "Name": "finalproject-vpc-private-ap-northeast-2c",
              "Terraform": "true",
              "karpenter.sh/discovery": "eks-staging-v2",
              "kubernetes.io/role/internal-elb": "1"
            },
            "tags_all": {
              "Environment": "staging",
              "Name": "finalproject-vpc-private-ap-northeast-2c",
              "Terraform": "true",
              "karpenter.sh/discovery": "eks-staging-v2",
              "kubernetes.io/role/internal-elb": "1"
            },
            "timeouts": null,
            "vpc_id": "vpc-0219610767f79ee25"
          },
          "sensitive_attributes": [],
          "private": "eyJlMmJmYjczMC1lY2FhLTExZTYtOGY4OC0zNDM2M2JjN2M0YzAiOnsiY3JlYXRlIjo2MDAwMDAwMDAwMDAsImRlbGV0ZSI6MTIwMDAwMDAwMDAwMH0sInNjaGVtYV92ZXJzaW9uIjoiMSJ9",
          "dependencies": [
            "module.vpc.aws_vpc.this",
            "module.vpc.aws_vpc_ipv4_cidr_block_association.this"
          ]
        },
        {
          "index_key": 3,
          "schema_version": 1,
          "attributes": {
            "arn": "arn:aws:ec2:ap-northeast-2:227250033304:subnet/subnet-0bdc8e11ae4a86944",
            "assign_ipv6_address_on_creation": false,
            "availability_zone": "ap-northeast-2d",
            "availability_zone_id": "apne2-az4",
            "cidr_block": "10.1.4.0/24",
            "customer_owned_ipv4_pool": "",
            "enable_dns64": false,
            "enable_lni_at_device_index": 0,
            "enable_resource_name_dns_a_record_on_launch": false,
            "enable_resource_name_dns_aaaa_record_on_launch": false,
            "id": "subnet-0bdc8e11ae4a86944",
            "ipv6_cidr_block": "",
            "ipv6_cidr_block_association_id": "",
            "ipv6_native": false,
            "map_customer_owned_ip_on_launch": false,
            "map_public_ip_on_launch": false,
            "outpost_arn": "",
            "owner_id": "227250033304",
            "private_dns_hostname_type_on_launch": "ip-name",
            "tags": {
              "Environment": "staging",
              "Name": "finalproject-vpc-private-ap-northeast-2d",
              "Terraform": "true",
              "karpenter.sh/discovery": "eks-staging-v2",
              "kubernetes.io/role/internal-elb": "1"
            },
            "tags_all": {
              "Environment": "staging",
              "Name": "finalproject-vpc-private-ap-northeast-2d",
              "Terraform": "true",
              "karpenter.sh/discovery": "eks-staging-v2",
              "kubernetes.io/role/internal-elb": "1"
            },
            "timeouts": null,
            "vpc_id": "vpc-0219610767f79ee25"
          },
          "sensitive_attributes": [],
          "private": "eyJlMmJmYjczMC1lY2FhLTExZTYtOGY4OC0zNDM2M2JjN2M0YzAiOnsiY3JlYXRlIjo2MDAwMDAwMDAwMDAsImRlbGV0ZSI6MTIwMDAwMDAwMDAwMH0sInNjaGVtYV92ZXJzaW9uIjoiMSJ9",
          "dependencies": [
            "module.vpc.aws_vpc.this",
            "module.vpc.aws_vpc_ipv4_cidr_block_association.this"
          ]
        }
      ]
    },
    {
      "module": "module.vpc",
      "mode": "managed",
      "type": "aws_subnet",
      "name": "public",
      "provider": "provider[\"registry.terraform.io/hashicorp/aws\"]",
      "instances": [
        {
          "index_key": 0,
          "schema_version": 1,
          "attributes": {
            "arn": "arn:aws:ec2:ap-northeast-2:227250033304:subnet/subnet-0d5bc80950ae8f213",
            "assign_ipv6_address_on_creation": false,
            "availability_zone": "ap-northeast-2a",
            "availability_zone_id": "apne2-az1",
            "cidr_block": "10.1.101.0/24",
            "customer_owned_ipv4_pool": "",
            "enable_dns64": false,
            "enable_lni_at_device_index": 0,
            "enable_resource_name_dns_a_record_on_launch": false,
            "enable_resource_name_dns_aaaa_record_on_launch": false,
            "id": "subnet-0d5bc80950ae8f213",
            "ipv6_cidr_block": "",
            "ipv6_cidr_block_association_id": "",
            "ipv6_native": false,
            "map_customer_owned_ip_on_launch": false,
            "map_public_ip_on_launch": true,
            "outpost_arn": "",
            "owner_id": "227250033304",
            "private_dns_hostname_type_on_launch": "ip-name",
            "tags": {
              "Environment": "staging",
              "Name": "finalproject-vpc-public-ap-northeast-2a",
              "Terraform": "true",
              "kubernetes.io/role/elb": "1"
            },
            "tags_all": {
              "Environment": "staging",
              "Name": "finalproject-vpc-public-ap-northeast-2a",
              "Terraform": "true",
              "kubernetes.io/role/elb": "1"
            },
            "timeouts": null,
            "vpc_id": "vpc-0219610767f79ee25"
          },
          "sensitive_attributes": [],
          "private": "eyJlMmJmYjczMC1lY2FhLTExZTYtOGY4OC0zNDM2M2JjN2M0YzAiOnsiY3JlYXRlIjo2MDAwMDAwMDAwMDAsImRlbGV0ZSI6MTIwMDAwMDAwMDAwMH0sInNjaGVtYV92ZXJzaW9uIjoiMSJ9",
          "dependencies": [
            "module.vpc.aws_vpc.this",
            "module.vpc.aws_vpc_ipv4_cidr_block_association.this"
          ]
        },
        {
          "index_key": 1,
          "schema_version": 1,
          "attributes": {
            "arn": "arn:aws:ec2:ap-northeast-2:227250033304:subnet/subnet-0b3994c3fe367fc7c",
            "assign_ipv6_address_on_creation": false,
            "availability_zone": "ap-northeast-2b",
            "availability_zone_id": "apne2-az2",
            "cidr_block": "10.1.102.0/24",
            "customer_owned_ipv4_pool": "",
            "enable_dns64": false,
            "enable_lni_at_device_index": 0,
            "enable_resource_name_dns_a_record_on_launch": false,
            "enable_resource_name_dns_aaaa_record_on_launch": false,
            "id": "subnet-0b3994c3fe367fc7c",
            "ipv6_cidr_block": "",
            "ipv6_cidr_block_association_id": "",
            "ipv6_native": false,
            "map_customer_owned_ip_on_launch": false,
            "map_public_ip_on_launch": true,
            "outpost_arn": "",
            "owner_id": "227250033304",
            "private_dns_hostname_type_on_launch": "ip-name",
            "tags": {
              "Environment": "staging",
              "Name": "finalproject-vpc-public-ap-northeast-2b",
              "Terraform": "true",
              "kubernetes.io/role/elb": "1"
            },
            "tags_all": {
              "Environment": "staging",
              "Name": "finalproject-vpc-public-ap-northeast-2b",
              "Terraform": "true",
              "kubernetes.io/role/elb": "1"
            },
            "timeouts": null,
            "vpc_id": "vpc-0219610767f79ee25"
          },
          "sensitive_attributes": [],
          "private": "eyJlMmJmYjczMC1lY2FhLTExZTYtOGY4OC0zNDM2M2JjN2M0YzAiOnsiY3JlYXRlIjo2MDAwMDAwMDAwMDAsImRlbGV0ZSI6MTIwMDAwMDAwMDAwMH0sInNjaGVtYV92ZXJzaW9uIjoiMSJ9",
          "dependencies": [
            "module.vpc.aws_vpc.this",
            "module.vpc.aws_vpc_ipv4_cidr_block_association.this"
          ]
        },
        {
          "index_key": 2,
          "schema_version": 1,
          "attributes": {
            "arn": "arn:aws:ec2:ap-northeast-2:227250033304:subnet/subnet-054afe646a1e4910c",
            "assign_ipv6_address_on_creation": false,
            "availability_zone": "ap-northeast-2c",
            "availability_zone_id": "apne2-az3",
            "cidr_block": "10.1.103.0/24",
            "customer_owned_ipv4_pool": "",
            "enable_dns64": false,
            "enable_lni_at_device_index": 0,
            "enable_resource_name_dns_a_record_on_launch": false,
            "enable_resource_name_dns_aaaa_record_on_launch": false,
            "id": "subnet-054afe646a1e4910c",
            "ipv6_cidr_block": "",
            "ipv6_cidr_block_association_id": "",
            "ipv6_native": false,
            "map_customer_owned_ip_on_launch": false,
            "map_public_ip_on_launch": true,
            "outpost_arn": "",
            "owner_id": "227250033304",
            "private_dns_hostname_type_on_launch": "ip-name",
            "tags": {
              "Environment": "staging",
              "Name": "finalproject-vpc-public-ap-northeast-2c",
              "Terraform": "true",
              "kubernetes.io/role/elb": "1"
            },
            "tags_all": {
              "Environment": "staging",
              "Name": "finalproject-vpc-public-ap-northeast-2c",
              "Terraform": "true",
              "kubernetes.io/role/elb": "1"
            },
            "timeouts": null,
            "vpc_id": "vpc-0219610767f79ee25"
          },
          "sensitive_attributes": [],
          "private": "eyJlMmJmYjczMC1lY2FhLTExZTYtOGY4OC0zNDM2M2JjN2M0YzAiOnsiY3JlYXRlIjo2MDAwMDAwMDAwMDAsImRlbGV0ZSI6MTIwMDAwMDAwMDAwMH0sInNjaGVtYV92ZXJzaW9uIjoiMSJ9",
          "dependencies": [
            "module.vpc.aws_vpc.this",
            "module.vpc.aws_vpc_ipv4_cidr_block_association.this"
          ]
        },
        {
          "index_key": 3,
          "schema_version": 1,
          "attributes": {
            "arn": "arn:aws:ec2:ap-northeast-2:227250033304:subnet/subnet-083c6357f6232a49f",
            "assign_ipv6_address_on_creation": false,
            "availability_zone": "ap-northeast-2d",
            "availability_zone_id": "apne2-az4",
            "cidr_block": "10.1.104.0/24",
            "customer_owned_ipv4_pool": "",
            "enable_dns64": false,
            "enable_lni_at_device_index": 0,
            "enable_resource_name_dns_a_record_on_launch": false,
            "enable_resource_name_dns_aaaa_record_on_launch": false,
            "id": "subnet-083c6357f6232a49f",
            "ipv6_cidr_block": "",
            "ipv6_cidr_block_association_id": "",
            "ipv6_native": false,
            "map_customer_owned_ip_on_launch": false,
            "map_public_ip_on_launch": true,
            "outpost_arn": "",
            "owner_id": "227250033304",
            "private_dns_hostname_type_on_launch": "ip-name",
            "tags": {
              "Environment": "staging",
              "Name": "finalproject-vpc-public-ap-northeast-2d",
              "Terraform": "true",
              "kubernetes.io/role/elb": "1"
            },
            "tags_all": {
              "Environment": "staging",
              "Name": "finalproject-vpc-public-ap-northeast-2d",
              "Terraform": "true",
              "kubernetes.io/role/elb": "1"
            },
            "timeouts": null,
            "vpc_id": "vpc-0219610767f79ee25"
          },
          "sensitive_attributes": [],
          "private": "eyJlMmJmYjczMC1lY2FhLTExZTYtOGY4OC0zNDM2M2JjN2M0YzAiOnsiY3JlYXRlIjo2MDAwMDAwMDAwMDAsImRlbGV0ZSI6MTIwMDAwMDAwMDAwMH0sInNjaGVtYV92ZXJzaW9uIjoiMSJ9",
          "dependencies": [
            "module.vpc.aws_vpc.this",
            "module.vpc.aws_vpc_ipv4_cidr_block_association.this"
          ]
        }
      ]
    },
    {
      "module": "module.vpc",
      "mode": "managed",
      "type": "aws_vpc",
      "name": "this",
      "provider": "provider[\"registry.terraform.io/hashicorp/aws\"]",
      "instances": [
        {
          "index_key": 0,
          "schema_version": 1,
          "attributes": {
            "arn": "arn:aws:ec2:ap-northeast-2:227250033304:vpc/vpc-0219610767f79ee25",
            "assign_generated_ipv6_cidr_block": false,
            "cidr_block": "10.1.0.0/16",
            "default_network_acl_id": "acl-0228cd2bf42bfb253",
            "default_route_table_id": "rtb-06312b6e4aad23ebf",
            "default_security_group_id": "sg-034412b1b6be9b257",
            "dhcp_options_id": "dopt-0f461fa8e1768699d",
            "enable_dns_hostnames": true,
            "enable_dns_support": true,
            "enable_network_address_usage_metrics": false,
            "id": "vpc-0219610767f79ee25",
            "instance_tenancy": "default",
            "ipv4_ipam_pool_id": null,
            "ipv4_netmask_length": null,
            "ipv6_association_id": "",
            "ipv6_cidr_block": "",
            "ipv6_cidr_block_network_border_group": "",
            "ipv6_ipam_pool_id": "",
            "ipv6_netmask_length": 0,
            "main_route_table_id": "rtb-06312b6e4aad23ebf",
            "owner_id": "227250033304",
            "tags": {
              "Environment": "staging",
              "Name": "finalproject-vpc",
              "Terraform": "true"
            },
            "tags_all": {
              "Environment": "staging",
              "Name": "finalproject-vpc",
              "Terraform": "true"
            }
          },
          "sensitive_attributes": [],
          "private": "eyJzY2hlbWFfdmVyc2lvbiI6IjEifQ=="
        }
      ]
    },
    {
      "module": "module.vpc",
      "mode": "managed",
      "type": "aws_vpc_ipv4_cidr_block_association",
      "name": "this",
      "provider": "provider[\"registry.terraform.io/hashicorp/aws\"]",
      "instances": []
    }
  ],
  "check_results": null
}
